
Microsoft Visual Studio Solution File, Format Version 11.00
# Visual Studio 2010
Project("{8BC9CEB8-8B4A-11D0-8D11-00A0C91BC942}") = "IGPictureEditor", "IGPictureEditor\IGPictureEditor.vcxproj", "{8DF87A6D-35F4-4EE5-B239-96E7A673D706}"
	ProjectSection(ProjectDependencies) = postProject
		{203B0D7B-D1F1-4958-9712-61AED954F4E7} = {203B0D7B-D1F1-4958-9712-61AED954F4E7}
		{60AAC39F-A76D-489A-925B-EF9C653C7400} = {60AAC39F-A76D-489A-925B-EF9C653C7400}
	EndProjectSection
EndProject
Project("{8BC9CEB8-8B4A-11D0-8D11-00A0C91BC942}") = "IGLibrary", "IGLibrary\IGLibrary.vcxproj", "{FEFB5FEE-1091-411F-B1F6-28E14278330F}"
	ProjectSection(ProjectDependencies) = postProject
		{6D441129-9EEA-43EC-B25E-4B47F4A4D90C} = {6D441129-9EEA-43EC-B25E-4B47F4A4D90C}
	EndProjectSection
EndProject
Project("{8BC9CEB8-8B4A-11D0-8D11-00A0C91BC942}") = "CxImage", "IGLibrary\CxImage600\CxImage\CxImage.vcxproj", "{BEF3C445-46D3-4C30-A3B9-E39C36E2E27A}"
	ProjectSection(ProjectDependencies) = postProject
		{334FE41B-7E85-4B94-8217-9884BF650A34} = {334FE41B-7E85-4B94-8217-9884BF650A34}
		{F55FA932-F8EE-4A36-86A4-AC32950527DA} = {F55FA932-F8EE-4A36-86A4-AC32950527DA}
		{38A41560-D4C6-404A-88CE-5777BA665FEE} = {38A41560-D4C6-404A-88CE-5777BA665FEE}
		{6222928E-5B1E-45F5-BC1A-B10C44CEE181} = {6222928E-5B1E-45F5-BC1A-B10C44CEE181}
		{C1A7E29A-80E9-47A5-AA1A-60C8C1B20AD2} = {C1A7E29A-80E9-47A5-AA1A-60C8C1B20AD2}
	EndProjectSection
EndProject
Project("{8BC9CEB8-8B4A-11D0-8D11-00A0C91BC942}") = "Jpeg", "IGLibrary\CxImage600\jpeg\Jpeg.vcxproj", "{C1A7E29A-80E9-47A5-AA1A-60C8C1B20AD2}"
EndProject
Project("{8BC9CEB8-8B4A-11D0-8D11-00A0C91BC942}") = "png", "IGLibrary\CxImage600\png\png.vcxproj", "{38A41560-D4C6-404A-88CE-5777BA665FEE}"
EndProject
Project("{8BC9CEB8-8B4A-11D0-8D11-00A0C91BC942}") = "Tiff", "IGLibrary\CxImage600\tiff\Tiff.vcxproj", "{F55FA932-F8EE-4A36-86A4-AC32950527DA}"
EndProject
Project("{8BC9CEB8-8B4A-11D0-8D11-00A0C91BC942}") = "zlib", "IGLibrary\CxImage600\zlib\zlib.vcxproj", "{6222928E-5B1E-45F5-BC1A-B10C44CEE181}"
EndProject
Project("{8BC9CEB8-8B4A-11D0-8D11-00A0C91BC942}") = "IGControls", "IGLibrary\IGControls\IGControls.vcxproj", "{BAD1AEB8-8CD5-4301-9798-5435282F479D}"
EndProject
Project("{8BC9CEB8-8B4A-11D0-8D11-00A0C91BC942}") = "IGServer", "IGServer\IGServer.vcxproj", "{DFE22725-0FCC-4314-BFC5-8E3BB71A0C1A}"
	ProjectSection(ProjectDependencies) = postProject
		{0C9639CD-93AF-42CB-9B90-5FD3A3326A63} = {0C9639CD-93AF-42CB-9B90-5FD3A3326A63}
	EndProjectSection
EndProject
Project("{FAE04EC0-301F-11D3-BF4B-00C04F79EFBC}") = "IGSMLib", "IGSMLib\IGSMLib.csproj", "{D79EBEEB-1E58-408F-95E2-2AED552A238D}"
EndProject
Project("{8BC9CEB8-8B4A-11D0-8D11-00A0C91BC942}") = "FaceDetection", "IGLibrary\FaceDetection\FaceDetection.vcxproj", "{334FE41B-7E85-4B94-8217-9884BF650A34}"
EndProject
Project("{8BC9CEB8-8B4A-11D0-8D11-00A0C91BC942}") = "IGSmartProcessing", "IGLibrary\IGSmartProcessing\IGSmartProcessing.vcxproj", "{6D441129-9EEA-43EC-B25E-4B47F4A4D90C}"
	ProjectSection(ProjectDependencies) = postProject
		{9A79B522-33FC-4C32-9774-99080E59E2EC} = {9A79B522-33FC-4C32-9774-99080E59E2EC}
	EndProjectSection
EndProject
Project("{8BC9CEB8-8B4A-11D0-8D11-00A0C91BC942}") = "IGFaceDetectorIce", "IGFaceDetectorIce\IGFaceDetectorIce.vcxproj", "{0C9639CD-93AF-42CB-9B90-5FD3A3326A63}"
	ProjectSection(ProjectDependencies) = postProject
		{9A79B522-33FC-4C32-9774-99080E59E2EC} = {9A79B522-33FC-4C32-9774-99080E59E2EC}
		{203B0D7B-D1F1-4958-9712-61AED954F4E7} = {203B0D7B-D1F1-4958-9712-61AED954F4E7}
	EndProjectSection
EndProject
Project("{8BC9CEB8-8B4A-11D0-8D11-00A0C91BC942}") = "IGSmartProcessingFaceDetector", "IGSmartProcessingFaceDetector\IGSmartProcessingFaceDetector.vcxproj", "{203B0D7B-D1F1-4958-9712-61AED954F4E7}"
	ProjectSection(ProjectDependencies) = postProject
		{334FE41B-7E85-4B94-8217-9884BF650A34} = {334FE41B-7E85-4B94-8217-9884BF650A34}
		{9A79B522-33FC-4C32-9774-99080E59E2EC} = {9A79B522-33FC-4C32-9774-99080E59E2EC}
		{6D441129-9EEA-43EC-B25E-4B47F4A4D90C} = {6D441129-9EEA-43EC-B25E-4B47F4A4D90C}
		{BEF3C445-46D3-4C30-A3B9-E39C36E2E27A} = {BEF3C445-46D3-4C30-A3B9-E39C36E2E27A}
		{BAD1AEB8-8CD5-4301-9798-5435282F479D} = {BAD1AEB8-8CD5-4301-9798-5435282F479D}
		{FEFB5FEE-1091-411F-B1F6-28E14278330F} = {FEFB5FEE-1091-411F-B1F6-28E14278330F}
	EndProjectSection
EndProject
Project("{8BC9CEB8-8B4A-11D0-8D11-00A0C91BC942}") = "IGFaceDetectorIceClient", "IGFaceDetectorIceClient\IGFaceDetectorIceClient.vcxproj", "{9A79B522-33FC-4C32-9774-99080E59E2EC}"
EndProject
Project("{FAE04EC0-301F-11D3-BF4B-00C04F79EFBC}") = "IGSMDesktopIce", "IGSMDesktopIce\IGSMDesktopIce.csproj", "{31BCD6DF-C209-479B-B103-82C06F31A772}"
	ProjectSection(ProjectDependencies) = postProject
		{DFE22725-0FCC-4314-BFC5-8E3BB71A0C1A} = {DFE22725-0FCC-4314-BFC5-8E3BB71A0C1A}
		{1B0709BE-3727-4100-8AC7-E27B904181A0} = {1B0709BE-3727-4100-8AC7-E27B904181A0}
	EndProjectSection
EndProject
Project("{FAE04EC0-301F-11D3-BF4B-00C04F79EFBC}") = "IGSMDesktopIceClient", "IGSMDesktopIceClient\IGSMDesktopIceClient.csproj", "{1B0709BE-3727-4100-8AC7-E27B904181A0}"
EndProject
Project("{FAE04EC0-301F-11D3-BF4B-00C04F79EFBC}") = "EventLogSourceInstaller", "EventLogSourceInstaller\EventLogSourceInstaller.csproj", "{1CD2685F-12E4-4B20-9971-5A3D78E9085B}"
EndProject
Project("{8BC9CEB8-8B4A-11D0-8D11-00A0C91BC942}") = "IGPython", "IGLibrary\IGPython\IGPython.vcxproj", "{60AAC39F-A76D-489A-925B-EF9C653C7400}"
EndProject
Global
	GlobalSection(SolutionConfigurationPlatforms) = preSolution
		Debug|Any CPU = Debug|Any CPU
		Debug|Mixed Platforms = Debug|Mixed Platforms
		Debug|Win32 = Debug|Win32
		Debug|x86 = Debug|x86
		Release|Any CPU = Release|Any CPU
		Release|Mixed Platforms = Release|Mixed Platforms
		Release|Win32 = Release|Win32
		Release|x86 = Release|x86
		Server Debug|Any CPU = Server Debug|Any CPU
		Server Debug|Mixed Platforms = Server Debug|Mixed Platforms
		Server Debug|Win32 = Server Debug|Win32
		Server Debug|x86 = Server Debug|x86
		Server Release|Any CPU = Server Release|Any CPU
		Server Release|Mixed Platforms = Server Release|Mixed Platforms
		Server Release|Win32 = Server Release|Win32
		Server Release|x86 = Server Release|x86
	EndGlobalSection
	GlobalSection(ProjectConfigurationPlatforms) = postSolution
		{8DF87A6D-35F4-4EE5-B239-96E7A673D706}.Debug|Any CPU.ActiveCfg = Debug|Win32
		{8DF87A6D-35F4-4EE5-B239-96E7A673D706}.Debug|Mixed Platforms.ActiveCfg = Debug|Win32
		{8DF87A6D-35F4-4EE5-B239-96E7A673D706}.Debug|Mixed Platforms.Build.0 = Debug|Win32
		{8DF87A6D-35F4-4EE5-B239-96E7A673D706}.Debug|Win32.ActiveCfg = Debug|Win32
		{8DF87A6D-35F4-4EE5-B239-96E7A673D706}.Debug|Win32.Build.0 = Debug|Win32
		{8DF87A6D-35F4-4EE5-B239-96E7A673D706}.Debug|x86.ActiveCfg = Debug|Win32
		{8DF87A6D-35F4-4EE5-B239-96E7A673D706}.Release|Any CPU.ActiveCfg = Release|Win32
		{8DF87A6D-35F4-4EE5-B239-96E7A673D706}.Release|Mixed Platforms.ActiveCfg = Release|Win32
		{8DF87A6D-35F4-4EE5-B239-96E7A673D706}.Release|Mixed Platforms.Build.0 = Release|Win32
		{8DF87A6D-35F4-4EE5-B239-96E7A673D706}.Release|Win32.ActiveCfg = Release|Win32
		{8DF87A6D-35F4-4EE5-B239-96E7A673D706}.Release|Win32.Build.0 = Release|Win32
		{8DF87A6D-35F4-4EE5-B239-96E7A673D706}.Release|x86.ActiveCfg = Release|Win32
		{8DF87A6D-35F4-4EE5-B239-96E7A673D706}.Server Debug|Any CPU.ActiveCfg = ServerDebug|Win32
		{8DF87A6D-35F4-4EE5-B239-96E7A673D706}.Server Debug|Any CPU.Build.0 = ServerDebug|Win32
		{8DF87A6D-35F4-4EE5-B239-96E7A673D706}.Server Debug|Mixed Platforms.ActiveCfg = ServerDebug|Win32
		{8DF87A6D-35F4-4EE5-B239-96E7A673D706}.Server Debug|Mixed Platforms.Build.0 = ServerDebug|Win32
		{8DF87A6D-35F4-4EE5-B239-96E7A673D706}.Server Debug|Win32.ActiveCfg = ServerDebug|Win32
		{8DF87A6D-35F4-4EE5-B239-96E7A673D706}.Server Debug|Win32.Build.0 = ServerDebug|Win32
		{8DF87A6D-35F4-4EE5-B239-96E7A673D706}.Server Debug|x86.ActiveCfg = ServerRelease|Win32
		{8DF87A6D-35F4-4EE5-B239-96E7A673D706}.Server Release|Any CPU.ActiveCfg = ServerRelease|Win32
		{8DF87A6D-35F4-4EE5-B239-96E7A673D706}.Server Release|Any CPU.Build.0 = ServerRelease|Win32
		{8DF87A6D-35F4-4EE5-B239-96E7A673D706}.Server Release|Mixed Platforms.ActiveCfg = ServerRelease|Win32
		{8DF87A6D-35F4-4EE5-B239-96E7A673D706}.Server Release|Mixed Platforms.Build.0 = ServerRelease|Win32
		{8DF87A6D-35F4-4EE5-B239-96E7A673D706}.Server Release|Win32.ActiveCfg = ServerRelease|Win32
		{8DF87A6D-35F4-4EE5-B239-96E7A673D706}.Server Release|Win32.Build.0 = ServerRelease|Win32
		{8DF87A6D-35F4-4EE5-B239-96E7A673D706}.Server Release|x86.ActiveCfg = Release|Win32
		{FEFB5FEE-1091-411F-B1F6-28E14278330F}.Debug|Any CPU.ActiveCfg = Debug|Win32
		{FEFB5FEE-1091-411F-B1F6-28E14278330F}.Debug|Mixed Platforms.ActiveCfg = Debug|Win32
		{FEFB5FEE-1091-411F-B1F6-28E14278330F}.Debug|Mixed Platforms.Build.0 = Debug|Win32
		{FEFB5FEE-1091-411F-B1F6-28E14278330F}.Debug|Win32.ActiveCfg = Debug|Win32
		{FEFB5FEE-1091-411F-B1F6-28E14278330F}.Debug|Win32.Build.0 = Debug|Win32
		{FEFB5FEE-1091-411F-B1F6-28E14278330F}.Debug|x86.ActiveCfg = Debug|Win32
		{FEFB5FEE-1091-411F-B1F6-28E14278330F}.Release|Any CPU.ActiveCfg = Release|Win32
		{FEFB5FEE-1091-411F-B1F6-28E14278330F}.Release|Mixed Platforms.ActiveCfg = Release|Win32
		{FEFB5FEE-1091-411F-B1F6-28E14278330F}.Release|Mixed Platforms.Build.0 = Release|Win32
		{FEFB5FEE-1091-411F-B1F6-28E14278330F}.Release|Win32.ActiveCfg = Release|Win32
		{FEFB5FEE-1091-411F-B1F6-28E14278330F}.Release|Win32.Build.0 = Release|Win32
		{FEFB5FEE-1091-411F-B1F6-28E14278330F}.Release|x86.ActiveCfg = Release|Win32
		{FEFB5FEE-1091-411F-B1F6-28E14278330F}.Server Debug|Any CPU.ActiveCfg = ServerDebug|Win32
		{FEFB5FEE-1091-411F-B1F6-28E14278330F}.Server Debug|Any CPU.Build.0 = ServerDebug|Win32
		{FEFB5FEE-1091-411F-B1F6-28E14278330F}.Server Debug|Mixed Platforms.ActiveCfg = ServerDebug|Win32
		{FEFB5FEE-1091-411F-B1F6-28E14278330F}.Server Debug|Mixed Platforms.Build.0 = ServerDebug|Win32
		{FEFB5FEE-1091-411F-B1F6-28E14278330F}.Server Debug|Win32.ActiveCfg = ServerDebug|Win32
		{FEFB5FEE-1091-411F-B1F6-28E14278330F}.Server Debug|Win32.Build.0 = ServerDebug|Win32
		{FEFB5FEE-1091-411F-B1F6-28E14278330F}.Server Debug|x86.ActiveCfg = ServerRelease|Win32
		{FEFB5FEE-1091-411F-B1F6-28E14278330F}.Server Release|Any CPU.ActiveCfg = ServerRelease|Win32
		{FEFB5FEE-1091-411F-B1F6-28E14278330F}.Server Release|Any CPU.Build.0 = ServerRelease|Win32
		{FEFB5FEE-1091-411F-B1F6-28E14278330F}.Server Release|Mixed Platforms.ActiveCfg = ServerRelease|Win32
		{FEFB5FEE-1091-411F-B1F6-28E14278330F}.Server Release|Mixed Platforms.Build.0 = ServerRelease|Win32
		{FEFB5FEE-1091-411F-B1F6-28E14278330F}.Server Release|Win32.ActiveCfg = ServerRelease|Win32
		{FEFB5FEE-1091-411F-B1F6-28E14278330F}.Server Release|Win32.Build.0 = ServerRelease|Win32
		{FEFB5FEE-1091-411F-B1F6-28E14278330F}.Server Release|x86.ActiveCfg = Release|Win32
		{BEF3C445-46D3-4C30-A3B9-E39C36E2E27A}.Debug|Any CPU.ActiveCfg = Debug|Win32
		{BEF3C445-46D3-4C30-A3B9-E39C36E2E27A}.Debug|Mixed Platforms.ActiveCfg = Debug|Win32
		{BEF3C445-46D3-4C30-A3B9-E39C36E2E27A}.Debug|Mixed Platforms.Build.0 = Debug|Win32
		{BEF3C445-46D3-4C30-A3B9-E39C36E2E27A}.Debug|Win32.ActiveCfg = Debug|Win32
		{BEF3C445-46D3-4C30-A3B9-E39C36E2E27A}.Debug|Win32.Build.0 = Debug|Win32
		{BEF3C445-46D3-4C30-A3B9-E39C36E2E27A}.Debug|x86.ActiveCfg = Debug|Win32
		{BEF3C445-46D3-4C30-A3B9-E39C36E2E27A}.Release|Any CPU.ActiveCfg = Release|Win32
		{BEF3C445-46D3-4C30-A3B9-E39C36E2E27A}.Release|Mixed Platforms.ActiveCfg = Release|Win32
		{BEF3C445-46D3-4C30-A3B9-E39C36E2E27A}.Release|Mixed Platforms.Build.0 = Release|Win32
		{BEF3C445-46D3-4C30-A3B9-E39C36E2E27A}.Release|Win32.ActiveCfg = Release|Win32
		{BEF3C445-46D3-4C30-A3B9-E39C36E2E27A}.Release|Win32.Build.0 = Release|Win32
		{BEF3C445-46D3-4C30-A3B9-E39C36E2E27A}.Release|x86.ActiveCfg = Release|Win32
		{BEF3C445-46D3-4C30-A3B9-E39C36E2E27A}.Server Debug|Any CPU.ActiveCfg = ServerDebug|Win32
		{BEF3C445-46D3-4C30-A3B9-E39C36E2E27A}.Server Debug|Any CPU.Build.0 = ServerDebug|Win32
		{BEF3C445-46D3-4C30-A3B9-E39C36E2E27A}.Server Debug|Mixed Platforms.ActiveCfg = ServerDebug|Win32
		{BEF3C445-46D3-4C30-A3B9-E39C36E2E27A}.Server Debug|Mixed Platforms.Build.0 = ServerDebug|Win32
		{BEF3C445-46D3-4C30-A3B9-E39C36E2E27A}.Server Debug|Win32.ActiveCfg = ServerDebug|Win32
		{BEF3C445-46D3-4C30-A3B9-E39C36E2E27A}.Server Debug|Win32.Build.0 = ServerDebug|Win32
		{BEF3C445-46D3-4C30-A3B9-E39C36E2E27A}.Server Debug|x86.ActiveCfg = ServerRelease|Win32
		{BEF3C445-46D3-4C30-A3B9-E39C36E2E27A}.Server Release|Any CPU.ActiveCfg = ServerRelease|Win32
		{BEF3C445-46D3-4C30-A3B9-E39C36E2E27A}.Server Release|Any CPU.Build.0 = ServerRelease|Win32
		{BEF3C445-46D3-4C30-A3B9-E39C36E2E27A}.Server Release|Mixed Platforms.ActiveCfg = ServerRelease|Win32
		{BEF3C445-46D3-4C30-A3B9-E39C36E2E27A}.Server Release|Mixed Platforms.Build.0 = ServerRelease|Win32
		{BEF3C445-46D3-4C30-A3B9-E39C36E2E27A}.Server Release|Win32.ActiveCfg = ServerRelease|Win32
		{BEF3C445-46D3-4C30-A3B9-E39C36E2E27A}.Server Release|Win32.Build.0 = ServerRelease|Win32
		{BEF3C445-46D3-4C30-A3B9-E39C36E2E27A}.Server Release|x86.ActiveCfg = Release|Win32
		{C1A7E29A-80E9-47A5-AA1A-60C8C1B20AD2}.Debug|Any CPU.ActiveCfg = Debug|Win32
		{C1A7E29A-80E9-47A5-AA1A-60C8C1B20AD2}.Debug|Mixed Platforms.ActiveCfg = Debug|Win32
		{C1A7E29A-80E9-47A5-AA1A-60C8C1B20AD2}.Debug|Mixed Platforms.Build.0 = Debug|Win32
		{C1A7E29A-80E9-47A5-AA1A-60C8C1B20AD2}.Debug|Win32.ActiveCfg = Debug|Win32
		{C1A7E29A-80E9-47A5-AA1A-60C8C1B20AD2}.Debug|Win32.Build.0 = Debug|Win32
		{C1A7E29A-80E9-47A5-AA1A-60C8C1B20AD2}.Debug|x86.ActiveCfg = Debug|Win32
		{C1A7E29A-80E9-47A5-AA1A-60C8C1B20AD2}.Release|Any CPU.ActiveCfg = Release|Win32
		{C1A7E29A-80E9-47A5-AA1A-60C8C1B20AD2}.Release|Mixed Platforms.ActiveCfg = Release|Win32
		{C1A7E29A-80E9-47A5-AA1A-60C8C1B20AD2}.Release|Mixed Platforms.Build.0 = Release|Win32
		{C1A7E29A-80E9-47A5-AA1A-60C8C1B20AD2}.Release|Win32.ActiveCfg = Release|Win32
		{C1A7E29A-80E9-47A5-AA1A-60C8C1B20AD2}.Release|Win32.Build.0 = Release|Win32
		{C1A7E29A-80E9-47A5-AA1A-60C8C1B20AD2}.Release|x86.ActiveCfg = Release|Win32
		{C1A7E29A-80E9-47A5-AA1A-60C8C1B20AD2}.Server Debug|Any CPU.ActiveCfg = ServerDebug|Win32
		{C1A7E29A-80E9-47A5-AA1A-60C8C1B20AD2}.Server Debug|Any CPU.Build.0 = ServerDebug|Win32
		{C1A7E29A-80E9-47A5-AA1A-60C8C1B20AD2}.Server Debug|Mixed Platforms.ActiveCfg = ServerDebug|Win32
		{C1A7E29A-80E9-47A5-AA1A-60C8C1B20AD2}.Server Debug|Mixed Platforms.Build.0 = ServerDebug|Win32
		{C1A7E29A-80E9-47A5-AA1A-60C8C1B20AD2}.Server Debug|Win32.ActiveCfg = ServerDebug|Win32
		{C1A7E29A-80E9-47A5-AA1A-60C8C1B20AD2}.Server Debug|Win32.Build.0 = ServerDebug|Win32
		{C1A7E29A-80E9-47A5-AA1A-60C8C1B20AD2}.Server Debug|x86.ActiveCfg = ServerRelease|Win32
		{C1A7E29A-80E9-47A5-AA1A-60C8C1B20AD2}.Server Release|Any CPU.ActiveCfg = ServerRelease|Win32
		{C1A7E29A-80E9-47A5-AA1A-60C8C1B20AD2}.Server Release|Any CPU.Build.0 = ServerRelease|Win32
		{C1A7E29A-80E9-47A5-AA1A-60C8C1B20AD2}.Server Release|Mixed Platforms.ActiveCfg = ServerRelease|Win32
		{C1A7E29A-80E9-47A5-AA1A-60C8C1B20AD2}.Server Release|Mixed Platforms.Build.0 = ServerRelease|Win32
		{C1A7E29A-80E9-47A5-AA1A-60C8C1B20AD2}.Server Release|Win32.ActiveCfg = ServerRelease|Win32
		{C1A7E29A-80E9-47A5-AA1A-60C8C1B20AD2}.Server Release|Win32.Build.0 = ServerRelease|Win32
		{C1A7E29A-80E9-47A5-AA1A-60C8C1B20AD2}.Server Release|x86.ActiveCfg = Release|Win32
		{38A41560-D4C6-404A-88CE-5777BA665FEE}.Debug|Any CPU.ActiveCfg = Debug|Win32
		{38A41560-D4C6-404A-88CE-5777BA665FEE}.Debug|Mixed Platforms.ActiveCfg = Debug|Win32
		{38A41560-D4C6-404A-88CE-5777BA665FEE}.Debug|Mixed Platforms.Build.0 = Debug|Win32
		{38A41560-D4C6-404A-88CE-5777BA665FEE}.Debug|Win32.ActiveCfg = Debug|Win32
		{38A41560-D4C6-404A-88CE-5777BA665FEE}.Debug|Win32.Build.0 = Debug|Win32
		{38A41560-D4C6-404A-88CE-5777BA665FEE}.Debug|x86.ActiveCfg = Debug|Win32
		{38A41560-D4C6-404A-88CE-5777BA665FEE}.Release|Any CPU.ActiveCfg = Release|Win32
		{38A41560-D4C6-404A-88CE-5777BA665FEE}.Release|Mixed Platforms.ActiveCfg = Release|Win32
		{38A41560-D4C6-404A-88CE-5777BA665FEE}.Release|Mixed Platforms.Build.0 = Release|Win32
		{38A41560-D4C6-404A-88CE-5777BA665FEE}.Release|Win32.ActiveCfg = Release|Win32
		{38A41560-D4C6-404A-88CE-5777BA665FEE}.Release|Win32.Build.0 = Release|Win32
		{38A41560-D4C6-404A-88CE-5777BA665FEE}.Release|x86.ActiveCfg = Release|Win32
		{38A41560-D4C6-404A-88CE-5777BA665FEE}.Server Debug|Any CPU.ActiveCfg = ServerDebug|Win32
		{38A41560-D4C6-404A-88CE-5777BA665FEE}.Server Debug|Any CPU.Build.0 = ServerDebug|Win32
		{38A41560-D4C6-404A-88CE-5777BA665FEE}.Server Debug|Mixed Platforms.ActiveCfg = ServerDebug|Win32
		{38A41560-D4C6-404A-88CE-5777BA665FEE}.Server Debug|Mixed Platforms.Build.0 = ServerDebug|Win32
		{38A41560-D4C6-404A-88CE-5777BA665FEE}.Server Debug|Win32.ActiveCfg = ServerDebug|Win32
		{38A41560-D4C6-404A-88CE-5777BA665FEE}.Server Debug|Win32.Build.0 = ServerDebug|Win32
		{38A41560-D4C6-404A-88CE-5777BA665FEE}.Server Debug|x86.ActiveCfg = ServerRelease|Win32
		{38A41560-D4C6-404A-88CE-5777BA665FEE}.Server Release|Any CPU.ActiveCfg = ServerRelease|Win32
		{38A41560-D4C6-404A-88CE-5777BA665FEE}.Server Release|Any CPU.Build.0 = ServerRelease|Win32
		{38A41560-D4C6-404A-88CE-5777BA665FEE}.Server Release|Mixed Platforms.ActiveCfg = ServerRelease|Win32
		{38A41560-D4C6-404A-88CE-5777BA665FEE}.Server Release|Mixed Platforms.Build.0 = ServerRelease|Win32
		{38A41560-D4C6-404A-88CE-5777BA665FEE}.Server Release|Win32.ActiveCfg = ServerRelease|Win32
		{38A41560-D4C6-404A-88CE-5777BA665FEE}.Server Release|Win32.Build.0 = ServerRelease|Win32
		{38A41560-D4C6-404A-88CE-5777BA665FEE}.Server Release|x86.ActiveCfg = Release|Win32
		{F55FA932-F8EE-4A36-86A4-AC32950527DA}.Debug|Any CPU.ActiveCfg = Debug|Win32
		{F55FA932-F8EE-4A36-86A4-AC32950527DA}.Debug|Mixed Platforms.ActiveCfg = Debug|Win32
		{F55FA932-F8EE-4A36-86A4-AC32950527DA}.Debug|Mixed Platforms.Build.0 = Debug|Win32
		{F55FA932-F8EE-4A36-86A4-AC32950527DA}.Debug|Win32.ActiveCfg = Debug|Win32
		{F55FA932-F8EE-4A36-86A4-AC32950527DA}.Debug|Win32.Build.0 = Debug|Win32
		{F55FA932-F8EE-4A36-86A4-AC32950527DA}.Debug|x86.ActiveCfg = Debug|Win32
		{F55FA932-F8EE-4A36-86A4-AC32950527DA}.Release|Any CPU.ActiveCfg = Release|Win32
		{F55FA932-F8EE-4A36-86A4-AC32950527DA}.Release|Mixed Platforms.ActiveCfg = Release|Win32
		{F55FA932-F8EE-4A36-86A4-AC32950527DA}.Release|Mixed Platforms.Build.0 = Release|Win32
		{F55FA932-F8EE-4A36-86A4-AC32950527DA}.Release|Win32.ActiveCfg = Release|Win32
		{F55FA932-F8EE-4A36-86A4-AC32950527DA}.Release|Win32.Build.0 = Release|Win32
		{F55FA932-F8EE-4A36-86A4-AC32950527DA}.Release|x86.ActiveCfg = Release|Win32
		{F55FA932-F8EE-4A36-86A4-AC32950527DA}.Server Debug|Any CPU.ActiveCfg = ServerDebug|Win32
		{F55FA932-F8EE-4A36-86A4-AC32950527DA}.Server Debug|Any CPU.Build.0 = ServerDebug|Win32
		{F55FA932-F8EE-4A36-86A4-AC32950527DA}.Server Debug|Mixed Platforms.ActiveCfg = ServerDebug|Win32
		{F55FA932-F8EE-4A36-86A4-AC32950527DA}.Server Debug|Mixed Platforms.Build.0 = ServerDebug|Win32
		{F55FA932-F8EE-4A36-86A4-AC32950527DA}.Server Debug|Win32.ActiveCfg = ServerDebug|Win32
		{F55FA932-F8EE-4A36-86A4-AC32950527DA}.Server Debug|Win32.Build.0 = ServerDebug|Win32
		{F55FA932-F8EE-4A36-86A4-AC32950527DA}.Server Debug|x86.ActiveCfg = ServerRelease|Win32
		{F55FA932-F8EE-4A36-86A4-AC32950527DA}.Server Release|Any CPU.ActiveCfg = ServerRelease|Win32
		{F55FA932-F8EE-4A36-86A4-AC32950527DA}.Server Release|Any CPU.Build.0 = ServerRelease|Win32
		{F55FA932-F8EE-4A36-86A4-AC32950527DA}.Server Release|Mixed Platforms.ActiveCfg = ServerRelease|Win32
		{F55FA932-F8EE-4A36-86A4-AC32950527DA}.Server Release|Mixed Platforms.Build.0 = ServerRelease|Win32
		{F55FA932-F8EE-4A36-86A4-AC32950527DA}.Server Release|Win32.ActiveCfg = ServerRelease|Win32
		{F55FA932-F8EE-4A36-86A4-AC32950527DA}.Server Release|Win32.Build.0 = ServerRelease|Win32
		{F55FA932-F8EE-4A36-86A4-AC32950527DA}.Server Release|x86.ActiveCfg = Release|Win32
		{6222928E-5B1E-45F5-BC1A-B10C44CEE181}.Debug|Any CPU.ActiveCfg = Debug|Win32
		{6222928E-5B1E-45F5-BC1A-B10C44CEE181}.Debug|Mixed Platforms.ActiveCfg = Debug|Win32
		{6222928E-5B1E-45F5-BC1A-B10C44CEE181}.Debug|Mixed Platforms.Build.0 = Debug|Win32
		{6222928E-5B1E-45F5-BC1A-B10C44CEE181}.Debug|Win32.ActiveCfg = Debug|Win32
		{6222928E-5B1E-45F5-BC1A-B10C44CEE181}.Debug|Win32.Build.0 = Debug|Win32
		{6222928E-5B1E-45F5-BC1A-B10C44CEE181}.Debug|x86.ActiveCfg = Debug|Win32
		{6222928E-5B1E-45F5-BC1A-B10C44CEE181}.Release|Any CPU.ActiveCfg = Release|Win32
		{6222928E-5B1E-45F5-BC1A-B10C44CEE181}.Release|Mixed Platforms.ActiveCfg = Release|Win32
		{6222928E-5B1E-45F5-BC1A-B10C44CEE181}.Release|Mixed Platforms.Build.0 = Release|Win32
		{6222928E-5B1E-45F5-BC1A-B10C44CEE181}.Release|Win32.ActiveCfg = Release|Win32
		{6222928E-5B1E-45F5-BC1A-B10C44CEE181}.Release|Win32.Build.0 = Release|Win32
		{6222928E-5B1E-45F5-BC1A-B10C44CEE181}.Release|x86.ActiveCfg = Release|Win32
		{6222928E-5B1E-45F5-BC1A-B10C44CEE181}.Server Debug|Any CPU.ActiveCfg = ServerDebug|Win32
		{6222928E-5B1E-45F5-BC1A-B10C44CEE181}.Server Debug|Any CPU.Build.0 = ServerDebug|Win32
		{6222928E-5B1E-45F5-BC1A-B10C44CEE181}.Server Debug|Mixed Platforms.ActiveCfg = ServerDebug|Win32
		{6222928E-5B1E-45F5-BC1A-B10C44CEE181}.Server Debug|Mixed Platforms.Build.0 = ServerDebug|Win32
		{6222928E-5B1E-45F5-BC1A-B10C44CEE181}.Server Debug|Win32.ActiveCfg = ServerDebug|Win32
		{6222928E-5B1E-45F5-BC1A-B10C44CEE181}.Server Debug|Win32.Build.0 = ServerDebug|Win32
		{6222928E-5B1E-45F5-BC1A-B10C44CEE181}.Server Debug|x86.ActiveCfg = ServerRelease|Win32
		{6222928E-5B1E-45F5-BC1A-B10C44CEE181}.Server Release|Any CPU.ActiveCfg = ServerRelease|Win32
		{6222928E-5B1E-45F5-BC1A-B10C44CEE181}.Server Release|Any CPU.Build.0 = ServerRelease|Win32
		{6222928E-5B1E-45F5-BC1A-B10C44CEE181}.Server Release|Mixed Platforms.ActiveCfg = ServerRelease|Win32
		{6222928E-5B1E-45F5-BC1A-B10C44CEE181}.Server Release|Mixed Platforms.Build.0 = ServerRelease|Win32
		{6222928E-5B1E-45F5-BC1A-B10C44CEE181}.Server Release|Win32.ActiveCfg = ServerRelease|Win32
		{6222928E-5B1E-45F5-BC1A-B10C44CEE181}.Server Release|Win32.Build.0 = ServerRelease|Win32
		{6222928E-5B1E-45F5-BC1A-B10C44CEE181}.Server Release|x86.ActiveCfg = Release|Win32
		{BAD1AEB8-8CD5-4301-9798-5435282F479D}.Debug|Any CPU.ActiveCfg = Debug|Win32
		{BAD1AEB8-8CD5-4301-9798-5435282F479D}.Debug|Mixed Platforms.ActiveCfg = Debug|Win32
		{BAD1AEB8-8CD5-4301-9798-5435282F479D}.Debug|Mixed Platforms.Build.0 = Debug|Win32
		{BAD1AEB8-8CD5-4301-9798-5435282F479D}.Debug|Win32.ActiveCfg = Debug|Win32
		{BAD1AEB8-8CD5-4301-9798-5435282F479D}.Debug|Win32.Build.0 = Debug|Win32
		{BAD1AEB8-8CD5-4301-9798-5435282F479D}.Debug|x86.ActiveCfg = Debug|Win32
		{BAD1AEB8-8CD5-4301-9798-5435282F479D}.Release|Any CPU.ActiveCfg = Release|Win32
		{BAD1AEB8-8CD5-4301-9798-5435282F479D}.Release|Mixed Platforms.ActiveCfg = Release|Win32
		{BAD1AEB8-8CD5-4301-9798-5435282F479D}.Release|Mixed Platforms.Build.0 = Release|Win32
		{BAD1AEB8-8CD5-4301-9798-5435282F479D}.Release|Win32.ActiveCfg = Release|Win32
		{BAD1AEB8-8CD5-4301-9798-5435282F479D}.Release|Win32.Build.0 = Release|Win32
		{BAD1AEB8-8CD5-4301-9798-5435282F479D}.Release|x86.ActiveCfg = Release|Win32
		{BAD1AEB8-8CD5-4301-9798-5435282F479D}.Server Debug|Any CPU.ActiveCfg = ServerDebug|Win32
		{BAD1AEB8-8CD5-4301-9798-5435282F479D}.Server Debug|Any CPU.Build.0 = ServerDebug|Win32
		{BAD1AEB8-8CD5-4301-9798-5435282F479D}.Server Debug|Mixed Platforms.ActiveCfg = ServerDebug|Win32
		{BAD1AEB8-8CD5-4301-9798-5435282F479D}.Server Debug|Mixed Platforms.Build.0 = ServerDebug|Win32
		{BAD1AEB8-8CD5-4301-9798-5435282F479D}.Server Debug|Win32.ActiveCfg = ServerDebug|Win32
		{BAD1AEB8-8CD5-4301-9798-5435282F479D}.Server Debug|Win32.Build.0 = ServerDebug|Win32
		{BAD1AEB8-8CD5-4301-9798-5435282F479D}.Server Debug|x86.ActiveCfg = ServerRelease|Win32
		{BAD1AEB8-8CD5-4301-9798-5435282F479D}.Server Release|Any CPU.ActiveCfg = ServerRelease|Win32
		{BAD1AEB8-8CD5-4301-9798-5435282F479D}.Server Release|Any CPU.Build.0 = ServerRelease|Win32
		{BAD1AEB8-8CD5-4301-9798-5435282F479D}.Server Release|Mixed Platforms.ActiveCfg = ServerRelease|Win32
		{BAD1AEB8-8CD5-4301-9798-5435282F479D}.Server Release|Mixed Platforms.Build.0 = ServerRelease|Win32
		{BAD1AEB8-8CD5-4301-9798-5435282F479D}.Server Release|Win32.ActiveCfg = ServerRelease|Win32
		{BAD1AEB8-8CD5-4301-9798-5435282F479D}.Server Release|Win32.Build.0 = ServerRelease|Win32
		{BAD1AEB8-8CD5-4301-9798-5435282F479D}.Server Release|x86.ActiveCfg = Release|Win32
		{DFE22725-0FCC-4314-BFC5-8E3BB71A0C1A}.Debug|Any CPU.ActiveCfg = Debug|Win32
		{DFE22725-0FCC-4314-BFC5-8E3BB71A0C1A}.Debug|Mixed Platforms.ActiveCfg = Debug|Win32
		{DFE22725-0FCC-4314-BFC5-8E3BB71A0C1A}.Debug|Mixed Platforms.Build.0 = Debug|Win32
		{DFE22725-0FCC-4314-BFC5-8E3BB71A0C1A}.Debug|Win32.ActiveCfg = Debug|Win32
		{DFE22725-0FCC-4314-BFC5-8E3BB71A0C1A}.Debug|Win32.Build.0 = Debug|Win32
		{DFE22725-0FCC-4314-BFC5-8E3BB71A0C1A}.Debug|x86.ActiveCfg = Debug|Win32
		{DFE22725-0FCC-4314-BFC5-8E3BB71A0C1A}.Release|Any CPU.ActiveCfg = Release|Win32
		{DFE22725-0FCC-4314-BFC5-8E3BB71A0C1A}.Release|Mixed Platforms.ActiveCfg = Release|Win32
		{DFE22725-0FCC-4314-BFC5-8E3BB71A0C1A}.Release|Mixed Platforms.Build.0 = Release|Win32
		{DFE22725-0FCC-4314-BFC5-8E3BB71A0C1A}.Release|Win32.ActiveCfg = Release|Win32
		{DFE22725-0FCC-4314-BFC5-8E3BB71A0C1A}.Release|Win32.Build.0 = Release|Win32
		{DFE22725-0FCC-4314-BFC5-8E3BB71A0C1A}.Release|x86.ActiveCfg = Release|Win32
		{DFE22725-0FCC-4314-BFC5-8E3BB71A0C1A}.Server Debug|Any CPU.ActiveCfg = ServerDebug|Win32
		{DFE22725-0FCC-4314-BFC5-8E3BB71A0C1A}.Server Debug|Any CPU.Build.0 = ServerDebug|Win32
		{DFE22725-0FCC-4314-BFC5-8E3BB71A0C1A}.Server Debug|Mixed Platforms.ActiveCfg = ServerDebug|Win32
		{DFE22725-0FCC-4314-BFC5-8E3BB71A0C1A}.Server Debug|Mixed Platforms.Build.0 = ServerDebug|Win32
		{DFE22725-0FCC-4314-BFC5-8E3BB71A0C1A}.Server Debug|Win32.ActiveCfg = ServerDebug|Win32
		{DFE22725-0FCC-4314-BFC5-8E3BB71A0C1A}.Server Debug|Win32.Build.0 = ServerDebug|Win32
		{DFE22725-0FCC-4314-BFC5-8E3BB71A0C1A}.Server Debug|x86.ActiveCfg = ServerRelease|Win32
		{DFE22725-0FCC-4314-BFC5-8E3BB71A0C1A}.Server Release|Any CPU.ActiveCfg = ServerRelease|Win32
		{DFE22725-0FCC-4314-BFC5-8E3BB71A0C1A}.Server Release|Any CPU.Build.0 = ServerRelease|Win32
		{DFE22725-0FCC-4314-BFC5-8E3BB71A0C1A}.Server Release|Mixed Platforms.ActiveCfg = ServerRelease|Win32
		{DFE22725-0FCC-4314-BFC5-8E3BB71A0C1A}.Server Release|Mixed Platforms.Build.0 = ServerRelease|Win32
		{DFE22725-0FCC-4314-BFC5-8E3BB71A0C1A}.Server Release|Win32.ActiveCfg = ServerRelease|Win32
		{DFE22725-0FCC-4314-BFC5-8E3BB71A0C1A}.Server Release|Win32.Build.0 = ServerRelease|Win32
		{DFE22725-0FCC-4314-BFC5-8E3BB71A0C1A}.Server Release|x86.ActiveCfg = Release|Win32
		{D79EBEEB-1E58-408F-95E2-2AED552A238D}.Debug|Any CPU.ActiveCfg = Debug|Any CPU
		{D79EBEEB-1E58-408F-95E2-2AED552A238D}.Debug|Any CPU.Build.0 = Debug|Any CPU
		{D79EBEEB-1E58-408F-95E2-2AED552A238D}.Debug|Mixed Platforms.ActiveCfg = Debug|Any CPU
		{D79EBEEB-1E58-408F-95E2-2AED552A238D}.Debug|Mixed Platforms.Build.0 = Debug|Any CPU
		{D79EBEEB-1E58-408F-95E2-2AED552A238D}.Debug|Win32.ActiveCfg = Debug|Any CPU
		{D79EBEEB-1E58-408F-95E2-2AED552A238D}.Debug|x86.ActiveCfg = Debug|Any CPU
		{D79EBEEB-1E58-408F-95E2-2AED552A238D}.Release|Any CPU.ActiveCfg = Release|Any CPU
		{D79EBEEB-1E58-408F-95E2-2AED552A238D}.Release|Any CPU.Build.0 = Release|Any CPU
		{D79EBEEB-1E58-408F-95E2-2AED552A238D}.Release|Mixed Platforms.ActiveCfg = Release|Any CPU
		{D79EBEEB-1E58-408F-95E2-2AED552A238D}.Release|Mixed Platforms.Build.0 = Release|Any CPU
		{D79EBEEB-1E58-408F-95E2-2AED552A238D}.Release|Win32.ActiveCfg = Release|Any CPU
		{D79EBEEB-1E58-408F-95E2-2AED552A238D}.Release|x86.ActiveCfg = Release|Any CPU
		{D79EBEEB-1E58-408F-95E2-2AED552A238D}.Server Debug|Any CPU.ActiveCfg = Debug|Any CPU
		{D79EBEEB-1E58-408F-95E2-2AED552A238D}.Server Debug|Any CPU.Build.0 = Debug|Any CPU
		{D79EBEEB-1E58-408F-95E2-2AED552A238D}.Server Debug|Mixed Platforms.ActiveCfg = Debug|Any CPU
		{D79EBEEB-1E58-408F-95E2-2AED552A238D}.Server Debug|Mixed Platforms.Build.0 = Debug|Any CPU
		{D79EBEEB-1E58-408F-95E2-2AED552A238D}.Server Debug|Win32.ActiveCfg = Debug|Any CPU
		{D79EBEEB-1E58-408F-95E2-2AED552A238D}.Server Debug|Win32.Build.0 = Debug|Any CPU
		{D79EBEEB-1E58-408F-95E2-2AED552A238D}.Server Debug|x86.ActiveCfg = Debug|Any CPU
		{D79EBEEB-1E58-408F-95E2-2AED552A238D}.Server Release|Any CPU.ActiveCfg = Release|Any CPU
		{D79EBEEB-1E58-408F-95E2-2AED552A238D}.Server Release|Any CPU.Build.0 = Release|Any CPU
		{D79EBEEB-1E58-408F-95E2-2AED552A238D}.Server Release|Mixed Platforms.ActiveCfg = Release|Any CPU
		{D79EBEEB-1E58-408F-95E2-2AED552A238D}.Server Release|Mixed Platforms.Build.0 = Release|Any CPU
		{D79EBEEB-1E58-408F-95E2-2AED552A238D}.Server Release|Win32.ActiveCfg = Release|Any CPU
		{D79EBEEB-1E58-408F-95E2-2AED552A238D}.Server Release|x86.ActiveCfg = Release|Any CPU
		{334FE41B-7E85-4B94-8217-9884BF650A34}.Debug|Any CPU.ActiveCfg = Debug|Win32
		{334FE41B-7E85-4B94-8217-9884BF650A34}.Debug|Mixed Platforms.ActiveCfg = Debug|Win32
		{334FE41B-7E85-4B94-8217-9884BF650A34}.Debug|Mixed Platforms.Build.0 = Debug|Win32
		{334FE41B-7E85-4B94-8217-9884BF650A34}.Debug|Win32.ActiveCfg = Debug|Win32
		{334FE41B-7E85-4B94-8217-9884BF650A34}.Debug|Win32.Build.0 = Debug|Win32
		{334FE41B-7E85-4B94-8217-9884BF650A34}.Debug|x86.ActiveCfg = Debug|Win32
		{334FE41B-7E85-4B94-8217-9884BF650A34}.Release|Any CPU.ActiveCfg = Release|Win32
		{334FE41B-7E85-4B94-8217-9884BF650A34}.Release|Mixed Platforms.ActiveCfg = Release|Win32
		{334FE41B-7E85-4B94-8217-9884BF650A34}.Release|Mixed Platforms.Build.0 = Release|Win32
		{334FE41B-7E85-4B94-8217-9884BF650A34}.Release|Win32.ActiveCfg = Release|Win32
		{334FE41B-7E85-4B94-8217-9884BF650A34}.Release|Win32.Build.0 = Release|Win32
		{334FE41B-7E85-4B94-8217-9884BF650A34}.Release|x86.ActiveCfg = Release|Win32
		{334FE41B-7E85-4B94-8217-9884BF650A34}.Server Debug|Any CPU.ActiveCfg = ServerDebug|Win32
		{334FE41B-7E85-4B94-8217-9884BF650A34}.Server Debug|Any CPU.Build.0 = ServerDebug|Win32
		{334FE41B-7E85-4B94-8217-9884BF650A34}.Server Debug|Mixed Platforms.ActiveCfg = ServerDebug|Win32
		{334FE41B-7E85-4B94-8217-9884BF650A34}.Server Debug|Mixed Platforms.Build.0 = ServerDebug|Win32
		{334FE41B-7E85-4B94-8217-9884BF650A34}.Server Debug|Win32.ActiveCfg = Debug|Win32
		{334FE41B-7E85-4B94-8217-9884BF650A34}.Server Debug|Win32.Build.0 = Debug|Win32
		{334FE41B-7E85-4B94-8217-9884BF650A34}.Server Debug|x86.ActiveCfg = ServerRelease|Win32
		{334FE41B-7E85-4B94-8217-9884BF650A34}.Server Release|Any CPU.ActiveCfg = ServerRelease|Win32
		{334FE41B-7E85-4B94-8217-9884BF650A34}.Server Release|Any CPU.Build.0 = ServerRelease|Win32
		{334FE41B-7E85-4B94-8217-9884BF650A34}.Server Release|Mixed Platforms.ActiveCfg = ServerRelease|Win32
		{334FE41B-7E85-4B94-8217-9884BF650A34}.Server Release|Mixed Platforms.Build.0 = ServerRelease|Win32
		{334FE41B-7E85-4B94-8217-9884BF650A34}.Server Release|Win32.ActiveCfg = Release|Win32
		{334FE41B-7E85-4B94-8217-9884BF650A34}.Server Release|Win32.Build.0 = Release|Win32
		{334FE41B-7E85-4B94-8217-9884BF650A34}.Server Release|x86.ActiveCfg = Release|Win32
		{6D441129-9EEA-43EC-B25E-4B47F4A4D90C}.Debug|Any CPU.ActiveCfg = Debug|Win32
		{6D441129-9EEA-43EC-B25E-4B47F4A4D90C}.Debug|Mixed Platforms.ActiveCfg = Debug|Win32
		{6D441129-9EEA-43EC-B25E-4B47F4A4D90C}.Debug|Mixed Platforms.Build.0 = Debug|Win32
		{6D441129-9EEA-43EC-B25E-4B47F4A4D90C}.Debug|Win32.ActiveCfg = Debug|Win32
		{6D441129-9EEA-43EC-B25E-4B47F4A4D90C}.Debug|Win32.Build.0 = Debug|Win32
		{6D441129-9EEA-43EC-B25E-4B47F4A4D90C}.Debug|x86.ActiveCfg = Debug|Win32
		{6D441129-9EEA-43EC-B25E-4B47F4A4D90C}.Release|Any CPU.ActiveCfg = Release|Win32
		{6D441129-9EEA-43EC-B25E-4B47F4A4D90C}.Release|Mixed Platforms.ActiveCfg = Release|Win32
		{6D441129-9EEA-43EC-B25E-4B47F4A4D90C}.Release|Mixed Platforms.Build.0 = Release|Win32
		{6D441129-9EEA-43EC-B25E-4B47F4A4D90C}.Release|Win32.ActiveCfg = Release|Win32
		{6D441129-9EEA-43EC-B25E-4B47F4A4D90C}.Release|Win32.Build.0 = Release|Win32
		{6D441129-9EEA-43EC-B25E-4B47F4A4D90C}.Release|x86.ActiveCfg = Release|Win32
		{6D441129-9EEA-43EC-B25E-4B47F4A4D90C}.Server Debug|Any CPU.ActiveCfg = ServerDebug|Win32
		{6D441129-9EEA-43EC-B25E-4B47F4A4D90C}.Server Debug|Any CPU.Build.0 = ServerDebug|Win32
		{6D441129-9EEA-43EC-B25E-4B47F4A4D90C}.Server Debug|Mixed Platforms.ActiveCfg = ServerDebug|Win32
		{6D441129-9EEA-43EC-B25E-4B47F4A4D90C}.Server Debug|Mixed Platforms.Build.0 = ServerDebug|Win32
		{6D441129-9EEA-43EC-B25E-4B47F4A4D90C}.Server Debug|Win32.ActiveCfg = Debug|Win32
		{6D441129-9EEA-43EC-B25E-4B47F4A4D90C}.Server Debug|Win32.Build.0 = Debug|Win32
		{6D441129-9EEA-43EC-B25E-4B47F4A4D90C}.Server Debug|x86.ActiveCfg = ServerRelease|Win32
		{6D441129-9EEA-43EC-B25E-4B47F4A4D90C}.Server Release|Any CPU.ActiveCfg = ServerRelease|Win32
		{6D441129-9EEA-43EC-B25E-4B47F4A4D90C}.Server Release|Any CPU.Build.0 = ServerRelease|Win32
		{6D441129-9EEA-43EC-B25E-4B47F4A4D90C}.Server Release|Mixed Platforms.ActiveCfg = ServerRelease|Win32
		{6D441129-9EEA-43EC-B25E-4B47F4A4D90C}.Server Release|Mixed Platforms.Build.0 = ServerRelease|Win32
		{6D441129-9EEA-43EC-B25E-4B47F4A4D90C}.Server Release|Win32.ActiveCfg = Release|Win32
		{6D441129-9EEA-43EC-B25E-4B47F4A4D90C}.Server Release|Win32.Build.0 = Release|Win32
		{6D441129-9EEA-43EC-B25E-4B47F4A4D90C}.Server Release|x86.ActiveCfg = Release|Win32
		{0C9639CD-93AF-42CB-9B90-5FD3A3326A63}.Debug|Any CPU.ActiveCfg = Debug|Win32
		{0C9639CD-93AF-42CB-9B90-5FD3A3326A63}.Debug|Mixed Platforms.ActiveCfg = Debug|Win32
		{0C9639CD-93AF-42CB-9B90-5FD3A3326A63}.Debug|Mixed Platforms.Build.0 = Debug|Win32
		{0C9639CD-93AF-42CB-9B90-5FD3A3326A63}.Debug|Win32.ActiveCfg = Debug|Win32
		{0C9639CD-93AF-42CB-9B90-5FD3A3326A63}.Debug|Win32.Build.0 = Debug|Win32
		{0C9639CD-93AF-42CB-9B90-5FD3A3326A63}.Debug|x86.ActiveCfg = Debug|Win32
		{0C9639CD-93AF-42CB-9B90-5FD3A3326A63}.Release|Any CPU.ActiveCfg = Release|Win32
		{0C9639CD-93AF-42CB-9B90-5FD3A3326A63}.Release|Mixed Platforms.ActiveCfg = Release|Win32
		{0C9639CD-93AF-42CB-9B90-5FD3A3326A63}.Release|Mixed Platforms.Build.0 = Release|Win32
		{0C9639CD-93AF-42CB-9B90-5FD3A3326A63}.Release|Win32.ActiveCfg = Release|Win32
		{0C9639CD-93AF-42CB-9B90-5FD3A3326A63}.Release|Win32.Build.0 = Release|Win32
		{0C9639CD-93AF-42CB-9B90-5FD3A3326A63}.Release|x86.ActiveCfg = Release|Win32
		{0C9639CD-93AF-42CB-9B90-5FD3A3326A63}.Server Debug|Any CPU.ActiveCfg = ServerDebug|Win32
		{0C9639CD-93AF-42CB-9B90-5FD3A3326A63}.Server Debug|Any CPU.Build.0 = ServerDebug|Win32
		{0C9639CD-93AF-42CB-9B90-5FD3A3326A63}.Server Debug|Mixed Platforms.ActiveCfg = ServerDebug|Win32
		{0C9639CD-93AF-42CB-9B90-5FD3A3326A63}.Server Debug|Mixed Platforms.Build.0 = ServerDebug|Win32
		{0C9639CD-93AF-42CB-9B90-5FD3A3326A63}.Server Debug|Win32.ActiveCfg = ServerDebug|Win32
		{0C9639CD-93AF-42CB-9B90-5FD3A3326A63}.Server Debug|Win32.Build.0 = ServerDebug|Win32
		{0C9639CD-93AF-42CB-9B90-5FD3A3326A63}.Server Debug|x86.ActiveCfg = Debug|Win32
		{0C9639CD-93AF-42CB-9B90-5FD3A3326A63}.Server Release|Any CPU.ActiveCfg = ServerRelease|Win32
		{0C9639CD-93AF-42CB-9B90-5FD3A3326A63}.Server Release|Any CPU.Build.0 = ServerRelease|Win32
		{0C9639CD-93AF-42CB-9B90-5FD3A3326A63}.Server Release|Mixed Platforms.ActiveCfg = ServerRelease|Win32
		{0C9639CD-93AF-42CB-9B90-5FD3A3326A63}.Server Release|Mixed Platforms.Build.0 = ServerRelease|Win32
		{0C9639CD-93AF-42CB-9B90-5FD3A3326A63}.Server Release|Win32.ActiveCfg = ServerRelease|Win32
		{0C9639CD-93AF-42CB-9B90-5FD3A3326A63}.Server Release|Win32.Build.0 = ServerRelease|Win32
		{0C9639CD-93AF-42CB-9B90-5FD3A3326A63}.Server Release|x86.ActiveCfg = Release|Win32
		{203B0D7B-D1F1-4958-9712-61AED954F4E7}.Debug|Any CPU.ActiveCfg = Debug|Win32
		{203B0D7B-D1F1-4958-9712-61AED954F4E7}.Debug|Mixed Platforms.ActiveCfg = Debug|Win32
		{203B0D7B-D1F1-4958-9712-61AED954F4E7}.Debug|Mixed Platforms.Build.0 = Debug|Win32
		{203B0D7B-D1F1-4958-9712-61AED954F4E7}.Debug|Win32.ActiveCfg = Debug|Win32
		{203B0D7B-D1F1-4958-9712-61AED954F4E7}.Debug|Win32.Build.0 = Debug|Win32
		{203B0D7B-D1F1-4958-9712-61AED954F4E7}.Debug|x86.ActiveCfg = Debug|Win32
		{203B0D7B-D1F1-4958-9712-61AED954F4E7}.Release|Any CPU.ActiveCfg = Release|Win32
		{203B0D7B-D1F1-4958-9712-61AED954F4E7}.Release|Mixed Platforms.ActiveCfg = Release|Win32
		{203B0D7B-D1F1-4958-9712-61AED954F4E7}.Release|Mixed Platforms.Build.0 = Release|Win32
		{203B0D7B-D1F1-4958-9712-61AED954F4E7}.Release|Win32.ActiveCfg = Release|Win32
		{203B0D7B-D1F1-4958-9712-61AED954F4E7}.Release|Win32.Build.0 = Release|Win32
		{203B0D7B-D1F1-4958-9712-61AED954F4E7}.Release|x86.ActiveCfg = Release|Win32
		{203B0D7B-D1F1-4958-9712-61AED954F4E7}.Server Debug|Any CPU.ActiveCfg = ServerDebug|Win32
		{203B0D7B-D1F1-4958-9712-61AED954F4E7}.Server Debug|Any CPU.Build.0 = ServerDebug|Win32
		{203B0D7B-D1F1-4958-9712-61AED954F4E7}.Server Debug|Mixed Platforms.ActiveCfg = ServerDebug|Win32
		{203B0D7B-D1F1-4958-9712-61AED954F4E7}.Server Debug|Mixed Platforms.Build.0 = ServerDebug|Win32
		{203B0D7B-D1F1-4958-9712-61AED954F4E7}.Server Debug|Win32.ActiveCfg = Debug|Win32
		{203B0D7B-D1F1-4958-9712-61AED954F4E7}.Server Debug|Win32.Build.0 = Debug|Win32
		{203B0D7B-D1F1-4958-9712-61AED954F4E7}.Server Debug|x86.ActiveCfg = Debug|Win32
		{203B0D7B-D1F1-4958-9712-61AED954F4E7}.Server Release|Any CPU.ActiveCfg = ServerRelease|Win32
		{203B0D7B-D1F1-4958-9712-61AED954F4E7}.Server Release|Any CPU.Build.0 = ServerRelease|Win32
		{203B0D7B-D1F1-4958-9712-61AED954F4E7}.Server Release|Mixed Platforms.ActiveCfg = ServerRelease|Win32
		{203B0D7B-D1F1-4958-9712-61AED954F4E7}.Server Release|Mixed Platforms.Build.0 = ServerRelease|Win32
		{203B0D7B-D1F1-4958-9712-61AED954F4E7}.Server Release|Win32.ActiveCfg = Release|Win32
		{203B0D7B-D1F1-4958-9712-61AED954F4E7}.Server Release|Win32.Build.0 = Release|Win32
		{203B0D7B-D1F1-4958-9712-61AED954F4E7}.Server Release|x86.ActiveCfg = Release|Win32
		{9A79B522-33FC-4C32-9774-99080E59E2EC}.Debug|Any CPU.ActiveCfg = Debug|Win32
		{9A79B522-33FC-4C32-9774-99080E59E2EC}.Debug|Mixed Platforms.ActiveCfg = Debug|Win32
		{9A79B522-33FC-4C32-9774-99080E59E2EC}.Debug|Mixed Platforms.Build.0 = Debug|Win32
		{9A79B522-33FC-4C32-9774-99080E59E2EC}.Debug|Win32.ActiveCfg = Debug|Win32
		{9A79B522-33FC-4C32-9774-99080E59E2EC}.Debug|Win32.Build.0 = Debug|Win32
		{9A79B522-33FC-4C32-9774-99080E59E2EC}.Debug|x86.ActiveCfg = Debug|Win32
		{9A79B522-33FC-4C32-9774-99080E59E2EC}.Release|Any CPU.ActiveCfg = Release|Win32
		{9A79B522-33FC-4C32-9774-99080E59E2EC}.Release|Mixed Platforms.ActiveCfg = Release|Win32
		{9A79B522-33FC-4C32-9774-99080E59E2EC}.Release|Mixed Platforms.Build.0 = Release|Win32
		{9A79B522-33FC-4C32-9774-99080E59E2EC}.Release|Win32.ActiveCfg = Release|Win32
		{9A79B522-33FC-4C32-9774-99080E59E2EC}.Release|Win32.Build.0 = Release|Win32
		{9A79B522-33FC-4C32-9774-99080E59E2EC}.Release|x86.ActiveCfg = Release|Win32
		{9A79B522-33FC-4C32-9774-99080E59E2EC}.Server Debug|Any CPU.ActiveCfg = ServerDebug|Win32
		{9A79B522-33FC-4C32-9774-99080E59E2EC}.Server Debug|Any CPU.Build.0 = ServerDebug|Win32
		{9A79B522-33FC-4C32-9774-99080E59E2EC}.Server Debug|Mixed Platforms.ActiveCfg = ServerDebug|Win32
		{9A79B522-33FC-4C32-9774-99080E59E2EC}.Server Debug|Mixed Platforms.Build.0 = ServerDebug|Win32
		{9A79B522-33FC-4C32-9774-99080E59E2EC}.Server Debug|Win32.ActiveCfg = Debug|Win32
		{9A79B522-33FC-4C32-9774-99080E59E2EC}.Server Debug|Win32.Build.0 = Debug|Win32
		{9A79B522-33FC-4C32-9774-99080E59E2EC}.Server Debug|x86.ActiveCfg = Debug|Win32
		{9A79B522-33FC-4C32-9774-99080E59E2EC}.Server Release|Any CPU.ActiveCfg = ServerRelease|Win32
		{9A79B522-33FC-4C32-9774-99080E59E2EC}.Server Release|Any CPU.Build.0 = ServerRelease|Win32
		{9A79B522-33FC-4C32-9774-99080E59E2EC}.Server Release|Mixed Platforms.ActiveCfg = ServerRelease|Win32
		{9A79B522-33FC-4C32-9774-99080E59E2EC}.Server Release|Mixed Platforms.Build.0 = ServerRelease|Win32
		{9A79B522-33FC-4C32-9774-99080E59E2EC}.Server Release|Win32.ActiveCfg = Release|Win32
		{9A79B522-33FC-4C32-9774-99080E59E2EC}.Server Release|Win32.Build.0 = Release|Win32
		{9A79B522-33FC-4C32-9774-99080E59E2EC}.Server Release|x86.ActiveCfg = Release|Win32
		{31BCD6DF-C209-479B-B103-82C06F31A772}.Debug|Any CPU.ActiveCfg = Debug|Any CPU
		{31BCD6DF-C209-479B-B103-82C06F31A772}.Debug|Any CPU.Build.0 = Debug|Any CPU
		{31BCD6DF-C209-479B-B103-82C06F31A772}.Debug|Mixed Platforms.ActiveCfg = Debug|Any CPU
		{31BCD6DF-C209-479B-B103-82C06F31A772}.Debug|Mixed Platforms.Build.0 = Debug|Any CPU
		{31BCD6DF-C209-479B-B103-82C06F31A772}.Debug|Win32.ActiveCfg = Debug|Any CPU
		{31BCD6DF-C209-479B-B103-82C06F31A772}.Debug|x86.ActiveCfg = Debug|Any CPU
		{31BCD6DF-C209-479B-B103-82C06F31A772}.Release|Any CPU.ActiveCfg = Release|Any CPU
		{31BCD6DF-C209-479B-B103-82C06F31A772}.Release|Any CPU.Build.0 = Release|Any CPU
		{31BCD6DF-C209-479B-B103-82C06F31A772}.Release|Mixed Platforms.ActiveCfg = Release|Any CPU
		{31BCD6DF-C209-479B-B103-82C06F31A772}.Release|Mixed Platforms.Build.0 = Release|Any CPU
		{31BCD6DF-C209-479B-B103-82C06F31A772}.Release|Win32.ActiveCfg = Release|Any CPU
		{31BCD6DF-C209-479B-B103-82C06F31A772}.Release|x86.ActiveCfg = Release|Any CPU
		{31BCD6DF-C209-479B-B103-82C06F31A772}.Server Debug|Any CPU.ActiveCfg = Debug|Any CPU
		{31BCD6DF-C209-479B-B103-82C06F31A772}.Server Debug|Any CPU.Build.0 = Debug|Any CPU
		{31BCD6DF-C209-479B-B103-82C06F31A772}.Server Debug|Mixed Platforms.ActiveCfg = Debug|Any CPU
		{31BCD6DF-C209-479B-B103-82C06F31A772}.Server Debug|Mixed Platforms.Build.0 = Debug|Any CPU
		{31BCD6DF-C209-479B-B103-82C06F31A772}.Server Debug|Win32.ActiveCfg = Debug|Any CPU
		{31BCD6DF-C209-479B-B103-82C06F31A772}.Server Debug|x86.ActiveCfg = Debug|Any CPU
		{31BCD6DF-C209-479B-B103-82C06F31A772}.Server Release|Any CPU.ActiveCfg = Release|Any CPU
		{31BCD6DF-C209-479B-B103-82C06F31A772}.Server Release|Any CPU.Build.0 = Release|Any CPU
		{31BCD6DF-C209-479B-B103-82C06F31A772}.Server Release|Mixed Platforms.ActiveCfg = Release|Any CPU
		{31BCD6DF-C209-479B-B103-82C06F31A772}.Server Release|Mixed Platforms.Build.0 = Release|Any CPU
		{31BCD6DF-C209-479B-B103-82C06F31A772}.Server Release|Win32.ActiveCfg = Release|Any CPU
		{31BCD6DF-C209-479B-B103-82C06F31A772}.Server Release|x86.ActiveCfg = Release|Any CPU
		{1B0709BE-3727-4100-8AC7-E27B904181A0}.Debug|Any CPU.ActiveCfg = Debug|Any CPU
		{1B0709BE-3727-4100-8AC7-E27B904181A0}.Debug|Any CPU.Build.0 = Debug|Any CPU
		{1B0709BE-3727-4100-8AC7-E27B904181A0}.Debug|Mixed Platforms.ActiveCfg = Debug|Any CPU
		{1B0709BE-3727-4100-8AC7-E27B904181A0}.Debug|Mixed Platforms.Build.0 = Debug|Any CPU
		{1B0709BE-3727-4100-8AC7-E27B904181A0}.Debug|Win32.ActiveCfg = Debug|Any CPU
		{1B0709BE-3727-4100-8AC7-E27B904181A0}.Debug|x86.ActiveCfg = Debug|Any CPU
		{1B0709BE-3727-4100-8AC7-E27B904181A0}.Release|Any CPU.ActiveCfg = Release|Any CPU
		{1B0709BE-3727-4100-8AC7-E27B904181A0}.Release|Any CPU.Build.0 = Release|Any CPU
		{1B0709BE-3727-4100-8AC7-E27B904181A0}.Release|Mixed Platforms.ActiveCfg = Release|Any CPU
		{1B0709BE-3727-4100-8AC7-E27B904181A0}.Release|Mixed Platforms.Build.0 = Release|Any CPU
		{1B0709BE-3727-4100-8AC7-E27B904181A0}.Release|Win32.ActiveCfg = Release|Any CPU
		{1B0709BE-3727-4100-8AC7-E27B904181A0}.Release|x86.ActiveCfg = Release|Any CPU
		{1B0709BE-3727-4100-8AC7-E27B904181A0}.Server Debug|Any CPU.ActiveCfg = Debug|Any CPU
		{1B0709BE-3727-4100-8AC7-E27B904181A0}.Server Debug|Any CPU.Build.0 = Debug|Any CPU
		{1B0709BE-3727-4100-8AC7-E27B904181A0}.Server Debug|Mixed Platforms.ActiveCfg = Debug|Any CPU
		{1B0709BE-3727-4100-8AC7-E27B904181A0}.Server Debug|Mixed Platforms.Build.0 = Debug|Any CPU
		{1B0709BE-3727-4100-8AC7-E27B904181A0}.Server Debug|Win32.ActiveCfg = Debug|Any CPU
		{1B0709BE-3727-4100-8AC7-E27B904181A0}.Server Debug|x86.ActiveCfg = Debug|Any CPU
		{1B0709BE-3727-4100-8AC7-E27B904181A0}.Server Release|Any CPU.ActiveCfg = Release|Any CPU
		{1B0709BE-3727-4100-8AC7-E27B904181A0}.Server Release|Any CPU.Build.0 = Release|Any CPU
		{1B0709BE-3727-4100-8AC7-E27B904181A0}.Server Release|Mixed Platforms.ActiveCfg = Release|Any CPU
		{1B0709BE-3727-4100-8AC7-E27B904181A0}.Server Release|Mixed Platforms.Build.0 = Release|Any CPU
		{1B0709BE-3727-4100-8AC7-E27B904181A0}.Server Release|Win32.ActiveCfg = Release|Any CPU
		{1B0709BE-3727-4100-8AC7-E27B904181A0}.Server Release|x86.ActiveCfg = Release|Any CPU
		{1CD2685F-12E4-4B20-9971-5A3D78E9085B}.Debug|Any CPU.ActiveCfg = Debug|Any CPU
		{1CD2685F-12E4-4B20-9971-5A3D78E9085B}.Debug|Any CPU.Build.0 = Debug|Any CPU
		{1CD2685F-12E4-4B20-9971-5A3D78E9085B}.Debug|Mixed Platforms.ActiveCfg = Debug|Any CPU
		{1CD2685F-12E4-4B20-9971-5A3D78E9085B}.Debug|Mixed Platforms.Build.0 = Debug|Any CPU
		{1CD2685F-12E4-4B20-9971-5A3D78E9085B}.Debug|Win32.ActiveCfg = Debug|Any CPU
		{1CD2685F-12E4-4B20-9971-5A3D78E9085B}.Debug|x86.ActiveCfg = Debug|Any CPU
		{1CD2685F-12E4-4B20-9971-5A3D78E9085B}.Release|Any CPU.ActiveCfg = Release|Any CPU
		{1CD2685F-12E4-4B20-9971-5A3D78E9085B}.Release|Any CPU.Build.0 = Release|Any CPU
		{1CD2685F-12E4-4B20-9971-5A3D78E9085B}.Release|Mixed Platforms.ActiveCfg = Release|Any CPU
		{1CD2685F-12E4-4B20-9971-5A3D78E9085B}.Release|Mixed Platforms.Build.0 = Release|Any CPU
		{1CD2685F-12E4-4B20-9971-5A3D78E9085B}.Release|Win32.ActiveCfg = Release|Any CPU
		{1CD2685F-12E4-4B20-9971-5A3D78E9085B}.Release|x86.ActiveCfg = Release|Any CPU
		{1CD2685F-12E4-4B20-9971-5A3D78E9085B}.Server Debug|Any CPU.ActiveCfg = Debug|Any CPU
		{1CD2685F-12E4-4B20-9971-5A3D78E9085B}.Server Debug|Any CPU.Build.0 = Debug|Any CPU
		{1CD2685F-12E4-4B20-9971-5A3D78E9085B}.Server Debug|Mixed Platforms.ActiveCfg = Debug|Any CPU
		{1CD2685F-12E4-4B20-9971-5A3D78E9085B}.Server Debug|Mixed Platforms.Build.0 = Debug|Any CPU
		{1CD2685F-12E4-4B20-9971-5A3D78E9085B}.Server Debug|Win32.ActiveCfg = Debug|Any CPU
		{1CD2685F-12E4-4B20-9971-5A3D78E9085B}.Server Debug|x86.ActiveCfg = Debug|Any CPU
		{1CD2685F-12E4-4B20-9971-5A3D78E9085B}.Server Release|Any CPU.ActiveCfg = Release|Any CPU
		{1CD2685F-12E4-4B20-9971-5A3D78E9085B}.Server Release|Any CPU.Build.0 = Release|Any CPU
		{1CD2685F-12E4-4B20-9971-5A3D78E9085B}.Server Release|Mixed Platforms.ActiveCfg = Release|Any CPU
		{1CD2685F-12E4-4B20-9971-5A3D78E9085B}.Server Release|Mixed Platforms.Build.0 = Release|Any CPU
		{1CD2685F-12E4-4B20-9971-5A3D78E9085B}.Server Release|Win32.ActiveCfg = Release|Any CPU
		{1CD2685F-12E4-4B20-9971-5A3D78E9085B}.Server Release|x86.ActiveCfg = Release|Any CPU
		{60AAC39F-A76D-489A-925B-EF9C653C7400}.Debug|Any CPU.ActiveCfg = Debug|Win32
		{60AAC39F-A76D-489A-925B-EF9C653C7400}.Debug|Mixed Platforms.ActiveCfg = Debug|Win32
		{60AAC39F-A76D-489A-925B-EF9C653C7400}.Debug|Mixed Platforms.Build.0 = Debug|Win32
		{60AAC39F-A76D-489A-925B-EF9C653C7400}.Debug|Win32.ActiveCfg = Debug|Win32
		{60AAC39F-A76D-489A-925B-EF9C653C7400}.Debug|Win32.Build.0 = Debug|Win32
		{60AAC39F-A76D-489A-925B-EF9C653C7400}.Debug|x86.ActiveCfg = Debug|Win32
		{60AAC39F-A76D-489A-925B-EF9C653C7400}.Release|Any CPU.ActiveCfg = Release|Win32
		{60AAC39F-A76D-489A-925B-EF9C653C7400}.Release|Mixed Platforms.ActiveCfg = Release|Win32
		{60AAC39F-A76D-489A-925B-EF9C653C7400}.Release|Mixed Platforms.Build.0 = Release|Win32
		{60AAC39F-A76D-489A-925B-EF9C653C7400}.Release|Win32.ActiveCfg = Release|Win32
		{60AAC39F-A76D-489A-925B-EF9C653C7400}.Release|Win32.Build.0 = Release|Win32
		{60AAC39F-A76D-489A-925B-EF9C653C7400}.Release|x86.ActiveCfg = Release|Win32
		{60AAC39F-A76D-489A-925B-EF9C653C7400}.Server Debug|Any CPU.ActiveCfg = ServerDebug|Win32
		{60AAC39F-A76D-489A-925B-EF9C653C7400}.Server Debug|Any CPU.Build.0 = ServerDebug|Win32
		{60AAC39F-A76D-489A-925B-EF9C653C7400}.Server Debug|Mixed Platforms.ActiveCfg = Debug|Win32
		{60AAC39F-A76D-489A-925B-EF9C653C7400}.Server Debug|Mixed Platforms.Build.0 = Debug|Win32
		{60AAC39F-A76D-489A-925B-EF9C653C7400}.Server Debug|Win32.ActiveCfg = Debug|Win32
		{60AAC39F-A76D-489A-925B-EF9C653C7400}.Server Debug|Win32.Build.0 = Debug|Win32
		{60AAC39F-A76D-489A-925B-EF9C653C7400}.Server Debug|x86.ActiveCfg = Debug|Win32
		{60AAC39F-A76D-489A-925B-EF9C653C7400}.Server Release|Any CPU.ActiveCfg = ServerRelease|Win32
		{60AAC39F-A76D-489A-925B-EF9C653C7400}.Server Release|Any CPU.Build.0 = ServerRelease|Win32
		{60AAC39F-A76D-489A-925B-EF9C653C7400}.Server Release|Mixed Platforms.ActiveCfg = Release|Win32
		{60AAC39F-A76D-489A-925B-EF9C653C7400}.Server Release|Mixed Platforms.Build.0 = Release|Win32
		{60AAC39F-A76D-489A-925B-EF9C653C7400}.Server Release|Win32.ActiveCfg = Release|Win32
		{60AAC39F-A76D-489A-925B-EF9C653C7400}.Server Release|Win32.Build.0 = Release|Win32
		{60AAC39F-A76D-489A-925B-EF9C653C7400}.Server Release|x86.ActiveCfg = Release|Win32
	EndGlobalSection
	GlobalSection(SolutionProperties) = preSolution
		HideSolutionNode = FALSE
	EndGlobalSection
EndGlobal
