
Microsoft Visual Studio Solution File, Format Version 11.00
# Visual Studio 2010
Project("{8BC9CEB8-8B4A-11D0-8D11-00A0C91BC942}") = "IGPictureEditor", "IGPictureEditor\IGPictureEditor.vcxproj", "{8DF87A6D-35F4-4EE5-B239-96E7A673D706}"
EndProject
Project("{8BC9CEB8-8B4A-11D0-8D11-00A0C91BC942}") = "IGLibrary", "IGLibrary\IGLibrary.vcxproj", "{FEFB5FEE-1091-411F-B1F6-28E14278330F}"
	ProjectSection(ProjectDependencies) = postProject
		{6D441129-9EEA-43EC-B25E-4B47F4A4D90C} = {6D441129-9EEA-43EC-B25E-4B47F4A4D90C}
	EndProjectSection
EndProject
Project("{8BC9CEB8-8B4A-11D0-8D11-00A0C91BC942}") = "CxImage", "IGLibrary\CxImage600\CxImage\CxImage.vcxproj", "{BEF3C445-46D3-4C30-A3B9-E39C36E2E27A}"
	ProjectSection(ProjectDependencies) = postProject
		{F55FA932-F8EE-4A36-86A4-AC32950527DA} = {F55FA932-F8EE-4A36-86A4-AC32950527DA}
		{38A41560-D4C6-404A-88CE-5777BA665FEE} = {38A41560-D4C6-404A-88CE-5777BA665FEE}
		{6222928E-5B1E-45F5-BC1A-B10C44CEE181} = {6222928E-5B1E-45F5-BC1A-B10C44CEE181}
		{C1A7E29A-80E9-47A5-AA1A-60C8C1B20AD2} = {C1A7E29A-80E9-47A5-AA1A-60C8C1B20AD2}
	EndProjectSection
EndProject
Project("{8BC9CEB8-8B4A-11D0-8D11-00A0C91BC942}") = "Jpeg", "IGLibrary\CxImage600\jpeg\Jpeg.vcxproj", "{C1A7E29A-80E9-47A5-AA1A-60C8C1B20AD2}"
EndProject
Project("{8BC9CEB8-8B4A-11D0-8D11-00A0C91BC942}") = "png", "IGLibrary\CxImage600\png\png.vcxproj", "{38A41560-D4C6-404A-88CE-5777BA665FEE}"
EndProject
Project("{8BC9CEB8-8B4A-11D0-8D11-00A0C91BC942}") = "Tiff", "IGLibrary\CxImage600\tiff\Tiff.vcxproj", "{F55FA932-F8EE-4A36-86A4-AC32950527DA}"
EndProject
Project("{8BC9CEB8-8B4A-11D0-8D11-00A0C91BC942}") = "zlib", "IGLibrary\CxImage600\zlib\zlib.vcxproj", "{6222928E-5B1E-45F5-BC1A-B10C44CEE181}"
EndProject
Project("{8BC9CEB8-8B4A-11D0-8D11-00A0C91BC942}") = "IGControls", "IGLibrary\IGControls\IGControls.vcxproj", "{BAD1AEB8-8CD5-4301-9798-5435282F479D}"
EndProject
Project("{8BC9CEB8-8B4A-11D0-8D11-00A0C91BC942}") = "IGServer", "IGServer\IGServer.vcxproj", "{DFE22725-0FCC-4314-BFC5-8E3BB71A0C1A}"
EndProject
Project("{8BC9CEB8-8B4A-11D0-8D11-00A0C91BC942}") = "IGSmartProcessing", "IGLibrary\IGSmartProcessing\IGSmartProcessing.vcxproj", "{6D441129-9EEA-43EC-B25E-4B47F4A4D90C}"
EndProject
Project("{FAE04EC0-301F-11D3-BF4B-00C04F79EFBC}") = "IGSMDesktopIce", "IGSMDesktopIce\IGSMDesktopIce.csproj", "{31BCD6DF-C209-479B-B103-82C06F31A772}"
	ProjectSection(ProjectDependencies) = postProject
		{DFE22725-0FCC-4314-BFC5-8E3BB71A0C1A} = {DFE22725-0FCC-4314-BFC5-8E3BB71A0C1A}
		{1B0709BE-3727-4100-8AC7-E27B904181A0} = {1B0709BE-3727-4100-8AC7-E27B904181A0}
	EndProjectSection
EndProject
Project("{FAE04EC0-301F-11D3-BF4B-00C04F79EFBC}") = "IGSMDesktopIceClient", "IGSMDesktopIceClient\IGSMDesktopIceClient.csproj", "{1B0709BE-3727-4100-8AC7-E27B904181A0}"
EndProject
Project("{FAE04EC0-301F-11D3-BF4B-00C04F79EFBC}") = "EventLogSourceInstaller", "EventLogSourceInstaller\EventLogSourceInstaller.csproj", "{1CD2685F-12E4-4B20-9971-5A3D78E9085B}"
EndProject
Project("{FAE04EC0-301F-11D3-BF4B-00C04F79EFBC}") = "IGServerTester", "..\..\IGServerTester\IGServerTester.csproj", "{0E1EA763-8C8A-45FE-A82F-5490D3481A45}"
	ProjectSection(ProjectDependencies) = postProject
		{FEFB5FEE-1091-411F-B1F6-28E14278330F} = {FEFB5FEE-1091-411F-B1F6-28E14278330F}
	EndProjectSection
EndProject
Global
	GlobalSection(SolutionConfigurationPlatforms) = preSolution
		Debug|Any CPU = Debug|Any CPU
		Debug|Mixed Platforms = Debug|Mixed Platforms
		Debug|Win32 = Debug|Win32
		Debug|x86 = Debug|x86
		MobileTest Debug|Any CPU = MobileTest Debug|Any CPU
		MobileTest Debug|Mixed Platforms = MobileTest Debug|Mixed Platforms
		MobileTest Debug|Win32 = MobileTest Debug|Win32
		MobileTest Debug|x86 = MobileTest Debug|x86
		MobileTest Release|Any CPU = MobileTest Release|Any CPU
		MobileTest Release|Mixed Platforms = MobileTest Release|Mixed Platforms
		MobileTest Release|Win32 = MobileTest Release|Win32
		MobileTest Release|x86 = MobileTest Release|x86
		Release|Any CPU = Release|Any CPU
		Release|Mixed Platforms = Release|Mixed Platforms
		Release|Win32 = Release|Win32
		Release|x86 = Release|x86
		Server Debug|Any CPU = Server Debug|Any CPU
		Server Debug|Mixed Platforms = Server Debug|Mixed Platforms
		Server Debug|Win32 = Server Debug|Win32
		Server Debug|x86 = Server Debug|x86
		Server Release|Any CPU = Server Release|Any CPU
		Server Release|Mixed Platforms = Server Release|Mixed Platforms
		Server Release|Win32 = Server Release|Win32
		Server Release|x86 = Server Release|x86
	EndGlobalSection
	GlobalSection(ProjectConfigurationPlatforms) = postSolution
		{8DF87A6D-35F4-4EE5-B239-96E7A673D706}.Debug|Any CPU.ActiveCfg = Debug|Win32
		{8DF87A6D-35F4-4EE5-B239-96E7A673D706}.Debug|Mixed Platforms.ActiveCfg = Debug|Win32
		{8DF87A6D-35F4-4EE5-B239-96E7A673D706}.Debug|Mixed Platforms.Build.0 = Debug|Win32
		{8DF87A6D-35F4-4EE5-B239-96E7A673D706}.Debug|Win32.ActiveCfg = Debug|Win32
		{8DF87A6D-35F4-4EE5-B239-96E7A673D706}.Debug|Win32.Build.0 = Debug|Win32
		{8DF87A6D-35F4-4EE5-B239-96E7A673D706}.Debug|x86.ActiveCfg = Debug|Win32
		{8DF87A6D-35F4-4EE5-B239-96E7A673D706}.MobileTest Debug|Any CPU.ActiveCfg = Debug|Win32
		{8DF87A6D-35F4-4EE5-B239-96E7A673D706}.MobileTest Debug|Mixed Platforms.ActiveCfg = Debug|Win32
		{8DF87A6D-35F4-4EE5-B239-96E7A673D706}.MobileTest Debug|Mixed Platforms.Build.0 = Debug|Win32
		{8DF87A6D-35F4-4EE5-B239-96E7A673D706}.MobileTest Debug|Win32.ActiveCfg = Debug|Win32
		{8DF87A6D-35F4-4EE5-B239-96E7A673D706}.MobileTest Debug|Win32.Build.0 = Debug|Win32
		{8DF87A6D-35F4-4EE5-B239-96E7A673D706}.MobileTest Debug|x86.ActiveCfg = Debug|Win32
		{8DF87A6D-35F4-4EE5-B239-96E7A673D706}.MobileTest Release|Any CPU.ActiveCfg = Release|Win32
		{8DF87A6D-35F4-4EE5-B239-96E7A673D706}.MobileTest Release|Mixed Platforms.ActiveCfg = Release|Win32
		{8DF87A6D-35F4-4EE5-B239-96E7A673D706}.MobileTest Release|Mixed Platforms.Build.0 = Release|Win32
		{8DF87A6D-35F4-4EE5-B239-96E7A673D706}.MobileTest Release|Win32.ActiveCfg = Release|Win32
		{8DF87A6D-35F4-4EE5-B239-96E7A673D706}.MobileTest Release|Win32.Build.0 = Release|Win32
		{8DF87A6D-35F4-4EE5-B239-96E7A673D706}.MobileTest Release|x86.ActiveCfg = Release|Win32
		{8DF87A6D-35F4-4EE5-B239-96E7A673D706}.Release|Any CPU.ActiveCfg = Release|Win32
		{8DF87A6D-35F4-4EE5-B239-96E7A673D706}.Release|Mixed Platforms.ActiveCfg = Release|Win32
		{8DF87A6D-35F4-4EE5-B239-96E7A673D706}.Release|Mixed Platforms.Build.0 = Release|Win32
		{8DF87A6D-35F4-4EE5-B239-96E7A673D706}.Release|Win32.ActiveCfg = Release|Win32
		{8DF87A6D-35F4-4EE5-B239-96E7A673D706}.Release|Win32.Build.0 = Release|Win32
		{8DF87A6D-35F4-4EE5-B239-96E7A673D706}.Release|x86.ActiveCfg = Release|Win32
		{8DF87A6D-35F4-4EE5-B239-96E7A673D706}.Server Debug|Any CPU.ActiveCfg = ServerDebug|Win32
		{8DF87A6D-35F4-4EE5-B239-96E7A673D706}.Server Debug|Any CPU.Build.0 = ServerDebug|Win32
		{8DF87A6D-35F4-4EE5-B239-96E7A673D706}.Server Debug|Mixed Platforms.ActiveCfg = ServerDebug|Win32
		{8DF87A6D-35F4-4EE5-B239-96E7A673D706}.Server Debug|Mixed Platforms.Build.0 = ServerDebug|Win32
		{8DF87A6D-35F4-4EE5-B239-96E7A673D706}.Server Debug|Win32.ActiveCfg = ServerDebug|Win32
		{8DF87A6D-35F4-4EE5-B239-96E7A673D706}.Server Debug|Win32.Build.0 = ServerDebug|Win32
		{8DF87A6D-35F4-4EE5-B239-96E7A673D706}.Server Debug|x86.ActiveCfg = ServerRelease|Win32
		{8DF87A6D-35F4-4EE5-B239-96E7A673D706}.Server Release|Any CPU.ActiveCfg = ServerRelease|Win32
		{8DF87A6D-35F4-4EE5-B239-96E7A673D706}.Server Release|Any CPU.Build.0 = ServerRelease|Win32
		{8DF87A6D-35F4-4EE5-B239-96E7A673D706}.Server Release|Mixed Platforms.ActiveCfg = ServerRelease|Win32
		{8DF87A6D-35F4-4EE5-B239-96E7A673D706}.Server Release|Mixed Platforms.Build.0 = ServerRelease|Win32
		{8DF87A6D-35F4-4EE5-B239-96E7A673D706}.Server Release|Win32.ActiveCfg = ServerRelease|Win32
		{8DF87A6D-35F4-4EE5-B239-96E7A673D706}.Server Release|Win32.Build.0 = ServerRelease|Win32
		{8DF87A6D-35F4-4EE5-B239-96E7A673D706}.Server Release|x86.ActiveCfg = Release|Win32
		{FEFB5FEE-1091-411F-B1F6-28E14278330F}.Debug|Any CPU.ActiveCfg = Debug|Win32
		{FEFB5FEE-1091-411F-B1F6-28E14278330F}.Debug|Mixed Platforms.ActiveCfg = Debug|Win32
		{FEFB5FEE-1091-411F-B1F6-28E14278330F}.Debug|Mixed Platforms.Build.0 = Debug|Win32
		{FEFB5FEE-1091-411F-B1F6-28E14278330F}.Debug|Win32.ActiveCfg = Debug|Win32
		{FEFB5FEE-1091-411F-B1F6-28E14278330F}.Debug|Win32.Build.0 = Debug|Win32
		{FEFB5FEE-1091-411F-B1F6-28E14278330F}.Debug|x86.ActiveCfg = Debug|Win32
		{FEFB5FEE-1091-411F-B1F6-28E14278330F}.MobileTest Debug|Any CPU.ActiveCfg = Debug|Win32
		{FEFB5FEE-1091-411F-B1F6-28E14278330F}.MobileTest Debug|Mixed Platforms.ActiveCfg = Debug|Win32
		{FEFB5FEE-1091-411F-B1F6-28E14278330F}.MobileTest Debug|Mixed Platforms.Build.0 = Debug|Win32
		{FEFB5FEE-1091-411F-B1F6-28E14278330F}.MobileTest Debug|Win32.ActiveCfg = Debug|Win32
		{FEFB5FEE-1091-411F-B1F6-28E14278330F}.MobileTest Debug|Win32.Build.0 = Debug|Win32
		{FEFB5FEE-1091-411F-B1F6-28E14278330F}.MobileTest Debug|x86.ActiveCfg = Debug|Win32
		{FEFB5FEE-1091-411F-B1F6-28E14278330F}.MobileTest Release|Any CPU.ActiveCfg = Release|Win32
		{FEFB5FEE-1091-411F-B1F6-28E14278330F}.MobileTest Release|Mixed Platforms.ActiveCfg = Release|Win32
		{FEFB5FEE-1091-411F-B1F6-28E14278330F}.MobileTest Release|Mixed Platforms.Build.0 = Release|Win32
		{FEFB5FEE-1091-411F-B1F6-28E14278330F}.MobileTest Release|Win32.ActiveCfg = Release|Win32
		{FEFB5FEE-1091-411F-B1F6-28E14278330F}.MobileTest Release|Win32.Build.0 = Release|Win32
		{FEFB5FEE-1091-411F-B1F6-28E14278330F}.MobileTest Release|x86.ActiveCfg = Release|Win32
		{FEFB5FEE-1091-411F-B1F6-28E14278330F}.Release|Any CPU.ActiveCfg = Release|Win32
		{FEFB5FEE-1091-411F-B1F6-28E14278330F}.Release|Mixed Platforms.ActiveCfg = Release|Win32
		{FEFB5FEE-1091-411F-B1F6-28E14278330F}.Release|Mixed Platforms.Build.0 = Release|Win32
		{FEFB5FEE-1091-411F-B1F6-28E14278330F}.Release|Win32.ActiveCfg = Release|Win32
		{FEFB5FEE-1091-411F-B1F6-28E14278330F}.Release|Win32.Build.0 = Release|Win32
		{FEFB5FEE-1091-411F-B1F6-28E14278330F}.Release|x86.ActiveCfg = Release|Win32
		{FEFB5FEE-1091-411F-B1F6-28E14278330F}.Server Debug|Any CPU.ActiveCfg = ServerDebug|Win32
		{FEFB5FEE-1091-411F-B1F6-28E14278330F}.Server Debug|Any CPU.Build.0 = ServerDebug|Win32
		{FEFB5FEE-1091-411F-B1F6-28E14278330F}.Server Debug|Mixed Platforms.ActiveCfg = ServerDebug|Win32
		{FEFB5FEE-1091-411F-B1F6-28E14278330F}.Server Debug|Mixed Platforms.Build.0 = ServerDebug|Win32
		{FEFB5FEE-1091-411F-B1F6-28E14278330F}.Server Debug|Win32.ActiveCfg = ServerDebug|Win32
		{FEFB5FEE-1091-411F-B1F6-28E14278330F}.Server Debug|Win32.Build.0 = ServerDebug|Win32
		{FEFB5FEE-1091-411F-B1F6-28E14278330F}.Server Debug|x86.ActiveCfg = ServerRelease|Win32
		{FEFB5FEE-1091-411F-B1F6-28E14278330F}.Server Release|Any CPU.ActiveCfg = ServerRelease|Win32
		{FEFB5FEE-1091-411F-B1F6-28E14278330F}.Server Release|Any CPU.Build.0 = ServerRelease|Win32
		{FEFB5FEE-1091-411F-B1F6-28E14278330F}.Server Release|Mixed Platforms.ActiveCfg = ServerRelease|Win32
		{FEFB5FEE-1091-411F-B1F6-28E14278330F}.Server Release|Mixed Platforms.Build.0 = ServerRelease|Win32
		{FEFB5FEE-1091-411F-B1F6-28E14278330F}.Server Release|Win32.ActiveCfg = ServerRelease|Win32
		{FEFB5FEE-1091-411F-B1F6-28E14278330F}.Server Release|Win32.Build.0 = ServerRelease|Win32
		{FEFB5FEE-1091-411F-B1F6-28E14278330F}.Server Release|x86.ActiveCfg = Release|Win32
		{BEF3C445-46D3-4C30-A3B9-E39C36E2E27A}.Debug|Any CPU.ActiveCfg = Debug|Win32
		{BEF3C445-46D3-4C30-A3B9-E39C36E2E27A}.Debug|Mixed Platforms.ActiveCfg = Debug|Win32
		{BEF3C445-46D3-4C30-A3B9-E39C36E2E27A}.Debug|Mixed Platforms.Build.0 = Debug|Win32
		{BEF3C445-46D3-4C30-A3B9-E39C36E2E27A}.Debug|Win32.ActiveCfg = Debug|Win32
		{BEF3C445-46D3-4C30-A3B9-E39C36E2E27A}.Debug|Win32.Build.0 = Debug|Win32
		{BEF3C445-46D3-4C30-A3B9-E39C36E2E27A}.Debug|x86.ActiveCfg = Debug|Win32
		{BEF3C445-46D3-4C30-A3B9-E39C36E2E27A}.MobileTest Debug|Any CPU.ActiveCfg = Debug|Win32
		{BEF3C445-46D3-4C30-A3B9-E39C36E2E27A}.MobileTest Debug|Mixed Platforms.ActiveCfg = Debug|Win32
		{BEF3C445-46D3-4C30-A3B9-E39C36E2E27A}.MobileTest Debug|Mixed Platforms.Build.0 = Debug|Win32
		{BEF3C445-46D3-4C30-A3B9-E39C36E2E27A}.MobileTest Debug|Win32.ActiveCfg = Debug|Win32
		{BEF3C445-46D3-4C30-A3B9-E39C36E2E27A}.MobileTest Debug|Win32.Build.0 = Debug|Win32
		{BEF3C445-46D3-4C30-A3B9-E39C36E2E27A}.MobileTest Debug|x86.ActiveCfg = Debug|Win32
		{BEF3C445-46D3-4C30-A3B9-E39C36E2E27A}.MobileTest Release|Any CPU.ActiveCfg = Release|Win32
		{BEF3C445-46D3-4C30-A3B9-E39C36E2E27A}.MobileTest Release|Mixed Platforms.ActiveCfg = Release|Win32
		{BEF3C445-46D3-4C30-A3B9-E39C36E2E27A}.MobileTest Release|Mixed Platforms.Build.0 = Release|Win32
		{BEF3C445-46D3-4C30-A3B9-E39C36E2E27A}.MobileTest Release|Win32.ActiveCfg = Release|Win32
		{BEF3C445-46D3-4C30-A3B9-E39C36E2E27A}.MobileTest Release|Win32.Build.0 = Release|Win32
		{BEF3C445-46D3-4C30-A3B9-E39C36E2E27A}.MobileTest Release|x86.ActiveCfg = Release|Win32
		{BEF3C445-46D3-4C30-A3B9-E39C36E2E27A}.Release|Any CPU.ActiveCfg = Release|Win32
		{BEF3C445-46D3-4C30-A3B9-E39C36E2E27A}.Release|Mixed Platforms.ActiveCfg = Release|Win32
		{BEF3C445-46D3-4C30-A3B9-E39C36E2E27A}.Release|Mixed Platforms.Build.0 = Release|Win32
		{BEF3C445-46D3-4C30-A3B9-E39C36E2E27A}.Release|Win32.ActiveCfg = Release|Win32
		{BEF3C445-46D3-4C30-A3B9-E39C36E2E27A}.Release|Win32.Build.0 = Release|Win32
		{BEF3C445-46D3-4C30-A3B9-E39C36E2E27A}.Release|x86.ActiveCfg = Release|Win32
		{BEF3C445-46D3-4C30-A3B9-E39C36E2E27A}.Server Debug|Any CPU.ActiveCfg = ServerDebug|Win32
		{BEF3C445-46D3-4C30-A3B9-E39C36E2E27A}.Server Debug|Any CPU.Build.0 = ServerDebug|Win32
		{BEF3C445-46D3-4C30-A3B9-E39C36E2E27A}.Server Debug|Mixed Platforms.ActiveCfg = ServerDebug|Win32
		{BEF3C445-46D3-4C30-A3B9-E39C36E2E27A}.Server Debug|Mixed Platforms.Build.0 = ServerDebug|Win32
		{BEF3C445-46D3-4C30-A3B9-E39C36E2E27A}.Server Debug|Win32.ActiveCfg = ServerDebug|Win32
		{BEF3C445-46D3-4C30-A3B9-E39C36E2E27A}.Server Debug|Any CPU.ActiveCfg = Debug|Win32
		{BEF3C445-46D3-4C30-A3B9-E39C36E2E27A}.Server Debug|Any CPU.Build.0 = Debug|Win32
		{BEF3C445-46D3-4C30-A3B9-E39C36E2E27A}.Server Release|Any CPU.ActiveCfg = ServerRelease|Win32
		{BEF3C445-46D3-4C30-A3B9-E39C36E2E27A}.Server Release|Any CPU.Build.0 = ServerRelease|Win32
		{BEF3C445-46D3-4C30-A3B9-E39C36E2E27A}.Server Release|Mixed Platforms.ActiveCfg = ServerRelease|Win32
		{BEF3C445-46D3-4C30-A3B9-E39C36E2E27A}.Server Release|Mixed Platforms.Build.0 = ServerRelease|Win32
		{BEF3C445-46D3-4C30-A3B9-E39C36E2E27A}.Server Release|Win32.ActiveCfg = ServerRelease|Win32
		{BEF3C445-46D3-4C30-A3B9-E39C36E2E27A}.Server Release|Win32.Build.0 = ServerRelease|Win32
		{BEF3C445-46D3-4C30-A3B9-E39C36E2E27A}.Server Release|x86.ActiveCfg = Release|Win32
		{C1A7E29A-80E9-47A5-AA1A-60C8C1B20AD2}.Debug|Any CPU.ActiveCfg = Debug|Win32
		{C1A7E29A-80E9-47A5-AA1A-60C8C1B20AD2}.Debug|Mixed Platforms.ActiveCfg = Debug|Win32
		{C1A7E29A-80E9-47A5-AA1A-60C8C1B20AD2}.Debug|Mixed Platforms.Build.0 = Debug|Win32
		{C1A7E29A-80E9-47A5-AA1A-60C8C1B20AD2}.Debug|Win32.ActiveCfg = Debug|Win32
		{C1A7E29A-80E9-47A5-AA1A-60C8C1B20AD2}.Debug|Win32.Build.0 = Debug|Win32
		{C1A7E29A-80E9-47A5-AA1A-60C8C1B20AD2}.Debug|x86.ActiveCfg = Debug|Win32
		{C1A7E29A-80E9-47A5-AA1A-60C8C1B20AD2}.MobileTest Debug|Any CPU.ActiveCfg = Debug|Win32
		{C1A7E29A-80E9-47A5-AA1A-60C8C1B20AD2}.MobileTest Debug|Mixed Platforms.ActiveCfg = Debug|Win32
		{C1A7E29A-80E9-47A5-AA1A-60C8C1B20AD2}.MobileTest Debug|Mixed Platforms.Build.0 = Debug|Win32
		{C1A7E29A-80E9-47A5-AA1A-60C8C1B20AD2}.MobileTest Debug|Win32.ActiveCfg = Debug|Win32
		{C1A7E29A-80E9-47A5-AA1A-60C8C1B20AD2}.MobileTest Debug|Win32.Build.0 = Debug|Win32
		{C1A7E29A-80E9-47A5-AA1A-60C8C1B20AD2}.MobileTest Debug|x86.ActiveCfg = Debug|Win32
		{C1A7E29A-80E9-47A5-AA1A-60C8C1B20AD2}.MobileTest Release|Any CPU.ActiveCfg = Release|Win32
		{C1A7E29A-80E9-47A5-AA1A-60C8C1B20AD2}.MobileTest Release|Mixed Platforms.ActiveCfg = Release|Win32
		{C1A7E29A-80E9-47A5-AA1A-60C8C1B20AD2}.MobileTest Release|Mixed Platforms.Build.0 = Release|Win32
		{C1A7E29A-80E9-47A5-AA1A-60C8C1B20AD2}.MobileTest Release|Win32.ActiveCfg = Release|Win32
		{C1A7E29A-80E9-47A5-AA1A-60C8C1B20AD2}.MobileTest Release|Win32.Build.0 = Release|Win32
		{C1A7E29A-80E9-47A5-AA1A-60C8C1B20AD2}.MobileTest Release|x86.ActiveCfg = Release|Win32
		{C1A7E29A-80E9-47A5-AA1A-60C8C1B20AD2}.Release|Any CPU.ActiveCfg = Release|Win32
		{C1A7E29A-80E9-47A5-AA1A-60C8C1B20AD2}.Release|Mixed Platforms.ActiveCfg = Release|Win32
		{C1A7E29A-80E9-47A5-AA1A-60C8C1B20AD2}.Release|Mixed Platforms.Build.0 = Release|Win32
		{C1A7E29A-80E9-47A5-AA1A-60C8C1B20AD2}.Release|Win32.ActiveCfg = Release|Win32
		{C1A7E29A-80E9-47A5-AA1A-60C8C1B20AD2}.Release|Win32.Build.0 = Release|Win32
		{C1A7E29A-80E9-47A5-AA1A-60C8C1B20AD2}.Release|x86.ActiveCfg = Release|Win32
		{C1A7E29A-80E9-47A5-AA1A-60C8C1B20AD2}.Server Debug|Any CPU.ActiveCfg = ServerDebug|Win32
		{C1A7E29A-80E9-47A5-AA1A-60C8C1B20AD2}.Server Debug|Any CPU.Build.0 = ServerDebug|Win32
		{C1A7E29A-80E9-47A5-AA1A-60C8C1B20AD2}.Server Debug|Mixed Platforms.ActiveCfg = ServerDebug|Win32
		{C1A7E29A-80E9-47A5-AA1A-60C8C1B20AD2}.Server Debug|Mixed Platforms.Build.0 = ServerDebug|Win32
		{C1A7E29A-80E9-47A5-AA1A-60C8C1B20AD2}.Server Debug|Win32.ActiveCfg = ServerDebug|Win32
		{C1A7E29A-80E9-47A5-AA1A-60C8C1B20AD2}.Server Debug|Win32.Build.0 = ServerDebug|Win32
		{C1A7E29A-80E9-47A5-AA1A-60C8C1B20AD2}.Server Debug|x86.ActiveCfg = ServerRelease|Win32
		{C1A7E29A-80E9-47A5-AA1A-60C8C1B20AD2}.Server Release|Any CPU.ActiveCfg = ServerRelease|Win32
		{C1A7E29A-80E9-47A5-AA1A-60C8C1B20AD2}.Server Release|Any CPU.Build.0 = ServerRelease|Win32
		{C1A7E29A-80E9-47A5-AA1A-60C8C1B20AD2}.Server Release|Mixed Platforms.ActiveCfg = ServerRelease|Win32
		{C1A7E29A-80E9-47A5-AA1A-60C8C1B20AD2}.Server Release|Mixed Platforms.Build.0 = ServerRelease|Win32
		{C1A7E29A-80E9-47A5-AA1A-60C8C1B20AD2}.Server Release|Win32.ActiveCfg = ServerRelease|Win32
		{C1A7E29A-80E9-47A5-AA1A-60C8C1B20AD2}.Server Release|Win32.Build.0 = ServerRelease|Win32
		{C1A7E29A-80E9-47A5-AA1A-60C8C1B20AD2}.Server Release|x86.ActiveCfg = Release|Win32
		{38A41560-D4C6-404A-88CE-5777BA665FEE}.Debug|Any CPU.ActiveCfg = Debug|Win32
		{38A41560-D4C6-404A-88CE-5777BA665FEE}.Debug|Mixed Platforms.ActiveCfg = Debug|Win32
		{38A41560-D4C6-404A-88CE-5777BA665FEE}.Debug|Mixed Platforms.Build.0 = Debug|Win32
		{38A41560-D4C6-404A-88CE-5777BA665FEE}.Debug|Win32.ActiveCfg = Debug|Win32
		{38A41560-D4C6-404A-88CE-5777BA665FEE}.Debug|Win32.Build.0 = Debug|Win32
		{38A41560-D4C6-404A-88CE-5777BA665FEE}.Debug|x86.ActiveCfg = Debug|Win32
		{38A41560-D4C6-404A-88CE-5777BA665FEE}.MobileTest Debug|Any CPU.ActiveCfg = Debug|Win32
		{38A41560-D4C6-404A-88CE-5777BA665FEE}.MobileTest Debug|Mixed Platforms.ActiveCfg = Debug|Win32
		{38A41560-D4C6-404A-88CE-5777BA665FEE}.MobileTest Debug|Mixed Platforms.Build.0 = Debug|Win32
		{38A41560-D4C6-404A-88CE-5777BA665FEE}.MobileTest Debug|Win32.ActiveCfg = Debug|Win32
		{38A41560-D4C6-404A-88CE-5777BA665FEE}.MobileTest Debug|Win32.Build.0 = Debug|Win32
		{38A41560-D4C6-404A-88CE-5777BA665FEE}.MobileTest Debug|x86.ActiveCfg = Debug|Win32
		{38A41560-D4C6-404A-88CE-5777BA665FEE}.MobileTest Release|Any CPU.ActiveCfg = Release|Win32
		{38A41560-D4C6-404A-88CE-5777BA665FEE}.MobileTest Release|Mixed Platforms.ActiveCfg = Release|Win32
		{38A41560-D4C6-404A-88CE-5777BA665FEE}.MobileTest Release|Mixed Platforms.Build.0 = Release|Win32
		{38A41560-D4C6-404A-88CE-5777BA665FEE}.MobileTest Release|Win32.ActiveCfg = Release|Win32
		{38A41560-D4C6-404A-88CE-5777BA665FEE}.MobileTest Release|Win32.Build.0 = Release|Win32
		{38A41560-D4C6-404A-88CE-5777BA665FEE}.MobileTest Release|x86.ActiveCfg = Release|Win32
		{38A41560-D4C6-404A-88CE-5777BA665FEE}.Release|Any CPU.ActiveCfg = Release|Win32
		{38A41560-D4C6-404A-88CE-5777BA665FEE}.Release|Mixed Platforms.ActiveCfg = Release|Win32
		{38A41560-D4C6-404A-88CE-5777BA665FEE}.Release|Mixed Platforms.Build.0 = Release|Win32
		{38A41560-D4C6-404A-88CE-5777BA665FEE}.Release|Win32.ActiveCfg = Release|Win32
		{38A41560-D4C6-404A-88CE-5777BA665FEE}.Release|Win32.Build.0 = Release|Win32
		{38A41560-D4C6-404A-88CE-5777BA665FEE}.Release|x86.ActiveCfg = Release|Win32
		{38A41560-D4C6-404A-88CE-5777BA665FEE}.Server Debug|Any CPU.ActiveCfg = ServerDebug|Win32
		{38A41560-D4C6-404A-88CE-5777BA665FEE}.Server Debug|Any CPU.Build.0 = ServerDebug|Win32
		{38A41560-D4C6-404A-88CE-5777BA665FEE}.Server Debug|Mixed Platforms.ActiveCfg = ServerDebug|Win32
		{38A41560-D4C6-404A-88CE-5777BA665FEE}.Server Debug|Mixed Platforms.Build.0 = ServerDebug|Win32
		{38A41560-D4C6-404A-88CE-5777BA665FEE}.Server Debug|Win32.ActiveCfg = ServerDebug|Win32
		{38A41560-D4C6-404A-88CE-5777BA665FEE}.Server Debug|Win32.Build.0 = ServerDebug|Win32
		{38A41560-D4C6-404A-88CE-5777BA665FEE}.Server Debug|x86.ActiveCfg = ServerRelease|Win32
		{38A41560-D4C6-404A-88CE-5777BA665FEE}.Server Release|Any CPU.ActiveCfg = ServerRelease|Win32
		{38A41560-D4C6-404A-88CE-5777BA665FEE}.Server Release|Any CPU.Build.0 = ServerRelease|Win32
		{38A41560-D4C6-404A-88CE-5777BA665FEE}.Server Release|Mixed Platforms.ActiveCfg = ServerRelease|Win32
		{38A41560-D4C6-404A-88CE-5777BA665FEE}.Server Release|Mixed Platforms.Build.0 = ServerRelease|Win32
		{38A41560-D4C6-404A-88CE-5777BA665FEE}.Server Release|Win32.ActiveCfg = ServerRelease|Win32
		{38A41560-D4C6-404A-88CE-5777BA665FEE}.Server Release|Win32.Build.0 = ServerRelease|Win32
		{38A41560-D4C6-404A-88CE-5777BA665FEE}.Server Release|x86.ActiveCfg = Release|Win32
		{F55FA932-F8EE-4A36-86A4-AC32950527DA}.Debug|Any CPU.ActiveCfg = Debug|Win32
		{F55FA932-F8EE-4A36-86A4-AC32950527DA}.Debug|Mixed Platforms.ActiveCfg = Debug|Win32
		{F55FA932-F8EE-4A36-86A4-AC32950527DA}.Debug|Mixed Platforms.Build.0 = Debug|Win32
		{F55FA932-F8EE-4A36-86A4-AC32950527DA}.Debug|Win32.ActiveCfg = Debug|Win32
		{F55FA932-F8EE-4A36-86A4-AC32950527DA}.Debug|Win32.Build.0 = Debug|Win32
		{F55FA932-F8EE-4A36-86A4-AC32950527DA}.Debug|x86.ActiveCfg = Debug|Win32
		{F55FA932-F8EE-4A36-86A4-AC32950527DA}.MobileTest Debug|Any CPU.ActiveCfg = Debug|Win32
		{F55FA932-F8EE-4A36-86A4-AC32950527DA}.MobileTest Debug|Mixed Platforms.ActiveCfg = Debug|Win32
		{F55FA932-F8EE-4A36-86A4-AC32950527DA}.MobileTest Debug|Mixed Platforms.Build.0 = Debug|Win32
		{F55FA932-F8EE-4A36-86A4-AC32950527DA}.MobileTest Debug|Win32.ActiveCfg = Debug|Win32
		{F55FA932-F8EE-4A36-86A4-AC32950527DA}.MobileTest Debug|Win32.Build.0 = Debug|Win32
		{F55FA932-F8EE-4A36-86A4-AC32950527DA}.MobileTest Debug|x86.ActiveCfg = Debug|Win32
		{F55FA932-F8EE-4A36-86A4-AC32950527DA}.MobileTest Release|Any CPU.ActiveCfg = Release|Win32
		{F55FA932-F8EE-4A36-86A4-AC32950527DA}.MobileTest Release|Mixed Platforms.ActiveCfg = Release|Win32
		{F55FA932-F8EE-4A36-86A4-AC32950527DA}.MobileTest Release|Mixed Platforms.Build.0 = Release|Win32
		{F55FA932-F8EE-4A36-86A4-AC32950527DA}.MobileTest Release|Win32.ActiveCfg = Release|Win32
		{F55FA932-F8EE-4A36-86A4-AC32950527DA}.MobileTest Release|Win32.Build.0 = Release|Win32
		{F55FA932-F8EE-4A36-86A4-AC32950527DA}.MobileTest Release|x86.ActiveCfg = Release|Win32
		{F55FA932-F8EE-4A36-86A4-AC32950527DA}.Release|Any CPU.ActiveCfg = Release|Win32
		{F55FA932-F8EE-4A36-86A4-AC32950527DA}.Release|Mixed Platforms.ActiveCfg = Release|Win32
		{F55FA932-F8EE-4A36-86A4-AC32950527DA}.Release|Mixed Platforms.Build.0 = Release|Win32
		{F55FA932-F8EE-4A36-86A4-AC32950527DA}.Release|Win32.ActiveCfg = Release|Win32
		{F55FA932-F8EE-4A36-86A4-AC32950527DA}.Release|Win32.Build.0 = Release|Win32
		{F55FA932-F8EE-4A36-86A4-AC32950527DA}.Release|x86.ActiveCfg = Release|Win32
		{F55FA932-F8EE-4A36-86A4-AC32950527DA}.Server Debug|Any CPU.ActiveCfg = ServerDebug|Win32
		{F55FA932-F8EE-4A36-86A4-AC32950527DA}.Server Debug|Any CPU.Build.0 = ServerDebug|Win32
		{F55FA932-F8EE-4A36-86A4-AC32950527DA}.Server Debug|Mixed Platforms.ActiveCfg = ServerDebug|Win32
		{F55FA932-F8EE-4A36-86A4-AC32950527DA}.Server Debug|Mixed Platforms.Build.0 = ServerDebug|Win32
		{F55FA932-F8EE-4A36-86A4-AC32950527DA}.Server Debug|Win32.ActiveCfg = ServerDebug|Win32
		{F55FA932-F8EE-4A36-86A4-AC32950527DA}.Server Debug|Win32.Build.0 = ServerDebug|Win32
		{F55FA932-F8EE-4A36-86A4-AC32950527DA}.Server Debug|x86.ActiveCfg = ServerRelease|Win32
		{F55FA932-F8EE-4A36-86A4-AC32950527DA}.Server Release|Any CPU.ActiveCfg = ServerRelease|Win32
		{F55FA932-F8EE-4A36-86A4-AC32950527DA}.Server Release|Any CPU.Build.0 = ServerRelease|Win32
		{F55FA932-F8EE-4A36-86A4-AC32950527DA}.Server Release|Mixed Platforms.ActiveCfg = ServerRelease|Win32
		{F55FA932-F8EE-4A36-86A4-AC32950527DA}.Server Release|Mixed Platforms.Build.0 = ServerRelease|Win32
		{F55FA932-F8EE-4A36-86A4-AC32950527DA}.Server Release|Win32.ActiveCfg = ServerRelease|Win32
		{F55FA932-F8EE-4A36-86A4-AC32950527DA}.Server Release|Win32.Build.0 = ServerRelease|Win32
		{F55FA932-F8EE-4A36-86A4-AC32950527DA}.Server Release|x86.ActiveCfg = Release|Win32
		{6222928E-5B1E-45F5-BC1A-B10C44CEE181}.Debug|Any CPU.ActiveCfg = Debug|Win32
		{6222928E-5B1E-45F5-BC1A-B10C44CEE181}.Debug|Mixed Platforms.ActiveCfg = Debug|Win32
		{6222928E-5B1E-45F5-BC1A-B10C44CEE181}.Debug|Mixed Platforms.Build.0 = Debug|Win32
		{6222928E-5B1E-45F5-BC1A-B10C44CEE181}.Debug|Win32.ActiveCfg = Debug|Win32
		{6222928E-5B1E-45F5-BC1A-B10C44CEE181}.Debug|Win32.Build.0 = Debug|Win32
		{6222928E-5B1E-45F5-BC1A-B10C44CEE181}.Debug|x86.ActiveCfg = Debug|Win32
		{6222928E-5B1E-45F5-BC1A-B10C44CEE181}.MobileTest Debug|Any CPU.ActiveCfg = Debug|Win32
		{6222928E-5B1E-45F5-BC1A-B10C44CEE181}.MobileTest Debug|Mixed Platforms.ActiveCfg = Debug|Win32
		{6222928E-5B1E-45F5-BC1A-B10C44CEE181}.MobileTest Debug|Mixed Platforms.Build.0 = Debug|Win32
		{6222928E-5B1E-45F5-BC1A-B10C44CEE181}.MobileTest Debug|Win32.ActiveCfg = Debug|Win32
		{6222928E-5B1E-45F5-BC1A-B10C44CEE181}.MobileTest Debug|Win32.Build.0 = Debug|Win32
		{6222928E-5B1E-45F5-BC1A-B10C44CEE181}.MobileTest Debug|x86.ActiveCfg = Debug|Win32
		{6222928E-5B1E-45F5-BC1A-B10C44CEE181}.MobileTest Release|Any CPU.ActiveCfg = Release|Win32
		{6222928E-5B1E-45F5-BC1A-B10C44CEE181}.MobileTest Release|Mixed Platforms.ActiveCfg = Release|Win32
		{6222928E-5B1E-45F5-BC1A-B10C44CEE181}.MobileTest Release|Mixed Platforms.Build.0 = Release|Win32
		{6222928E-5B1E-45F5-BC1A-B10C44CEE181}.MobileTest Release|Win32.ActiveCfg = Release|Win32
		{6222928E-5B1E-45F5-BC1A-B10C44CEE181}.MobileTest Release|Win32.Build.0 = Release|Win32
		{6222928E-5B1E-45F5-BC1A-B10C44CEE181}.MobileTest Release|x86.ActiveCfg = Release|Win32
		{6222928E-5B1E-45F5-BC1A-B10C44CEE181}.Release|Any CPU.ActiveCfg = Release|Win32
		{6222928E-5B1E-45F5-BC1A-B10C44CEE181}.Release|Mixed Platforms.ActiveCfg = Release|Win32
		{6222928E-5B1E-45F5-BC1A-B10C44CEE181}.Release|Mixed Platforms.Build.0 = Release|Win32
		{6222928E-5B1E-45F5-BC1A-B10C44CEE181}.Release|Win32.ActiveCfg = Release|Win32
		{6222928E-5B1E-45F5-BC1A-B10C44CEE181}.Release|Win32.Build.0 = Release|Win32
		{6222928E-5B1E-45F5-BC1A-B10C44CEE181}.Release|x86.ActiveCfg = Release|Win32
		{6222928E-5B1E-45F5-BC1A-B10C44CEE181}.Server Debug|Any CPU.ActiveCfg = ServerDebug|Win32
		{6222928E-5B1E-45F5-BC1A-B10C44CEE181}.Server Debug|Any CPU.Build.0 = ServerDebug|Win32
		{6222928E-5B1E-45F5-BC1A-B10C44CEE181}.Server Debug|Mixed Platforms.ActiveCfg = ServerDebug|Win32
		{6222928E-5B1E-45F5-BC1A-B10C44CEE181}.Server Debug|Mixed Platforms.Build.0 = ServerDebug|Win32
		{6222928E-5B1E-45F5-BC1A-B10C44CEE181}.Server Debug|Win32.ActiveCfg = ServerDebug|Win32
		{6222928E-5B1E-45F5-BC1A-B10C44CEE181}.Server Debug|Win32.Build.0 = ServerDebug|Win32
		{6222928E-5B1E-45F5-BC1A-B10C44CEE181}.Server Debug|x86.ActiveCfg = ServerRelease|Win32
		{6222928E-5B1E-45F5-BC1A-B10C44CEE181}.Server Release|Any CPU.ActiveCfg = ServerRelease|Win32
		{6222928E-5B1E-45F5-BC1A-B10C44CEE181}.Server Release|Any CPU.Build.0 = ServerRelease|Win32
		{6222928E-5B1E-45F5-BC1A-B10C44CEE181}.Server Release|Mixed Platforms.ActiveCfg = ServerRelease|Win32
		{6222928E-5B1E-45F5-BC1A-B10C44CEE181}.Server Release|Mixed Platforms.Build.0 = ServerRelease|Win32
		{6222928E-5B1E-45F5-BC1A-B10C44CEE181}.Server Release|Win32.ActiveCfg = ServerRelease|Win32
		{6222928E-5B1E-45F5-BC1A-B10C44CEE181}.Server Release|Win32.Build.0 = ServerRelease|Win32
		{6222928E-5B1E-45F5-BC1A-B10C44CEE181}.Server Release|x86.ActiveCfg = Release|Win32
		{BAD1AEB8-8CD5-4301-9798-5435282F479D}.Debug|Any CPU.ActiveCfg = Debug|Win32
		{BAD1AEB8-8CD5-4301-9798-5435282F479D}.Debug|Mixed Platforms.ActiveCfg = Debug|Win32
		{BAD1AEB8-8CD5-4301-9798-5435282F479D}.Debug|Mixed Platforms.Build.0 = Debug|Win32
		{BAD1AEB8-8CD5-4301-9798-5435282F479D}.Debug|Win32.ActiveCfg = Debug|Win32
		{BAD1AEB8-8CD5-4301-9798-5435282F479D}.Debug|Win32.Build.0 = Debug|Win32
		{BAD1AEB8-8CD5-4301-9798-5435282F479D}.Debug|x86.ActiveCfg = Debug|Win32
		{BAD1AEB8-8CD5-4301-9798-5435282F479D}.MobileTest Debug|Any CPU.ActiveCfg = Debug|Win32
		{BAD1AEB8-8CD5-4301-9798-5435282F479D}.MobileTest Debug|Mixed Platforms.ActiveCfg = Debug|Win32
		{BAD1AEB8-8CD5-4301-9798-5435282F479D}.MobileTest Debug|Mixed Platforms.Build.0 = Debug|Win32
		{BAD1AEB8-8CD5-4301-9798-5435282F479D}.MobileTest Debug|Win32.ActiveCfg = Debug|Win32
		{BAD1AEB8-8CD5-4301-9798-5435282F479D}.MobileTest Debug|Win32.Build.0 = Debug|Win32
		{BAD1AEB8-8CD5-4301-9798-5435282F479D}.MobileTest Debug|x86.ActiveCfg = Debug|Win32
		{BAD1AEB8-8CD5-4301-9798-5435282F479D}.MobileTest Release|Any CPU.ActiveCfg = Release|Win32
		{BAD1AEB8-8CD5-4301-9798-5435282F479D}.MobileTest Release|Mixed Platforms.ActiveCfg = Release|Win32
		{BAD1AEB8-8CD5-4301-9798-5435282F479D}.MobileTest Release|Mixed Platforms.Build.0 = Release|Win32
		{BAD1AEB8-8CD5-4301-9798-5435282F479D}.MobileTest Release|Win32.ActiveCfg = Release|Win32
		{BAD1AEB8-8CD5-4301-9798-5435282F479D}.MobileTest Release|Win32.Build.0 = Release|Win32
		{BAD1AEB8-8CD5-4301-9798-5435282F479D}.MobileTest Release|x86.ActiveCfg = Release|Win32
		{BAD1AEB8-8CD5-4301-9798-5435282F479D}.Release|Any CPU.ActiveCfg = Release|Win32
		{BAD1AEB8-8CD5-4301-9798-5435282F479D}.Release|Mixed Platforms.ActiveCfg = Release|Win32
		{BAD1AEB8-8CD5-4301-9798-5435282F479D}.Release|Mixed Platforms.Build.0 = Release|Win32
		{BAD1AEB8-8CD5-4301-9798-5435282F479D}.Release|Win32.ActiveCfg = Release|Win32
		{BAD1AEB8-8CD5-4301-9798-5435282F479D}.Release|Win32.Build.0 = Release|Win32
		{BAD1AEB8-8CD5-4301-9798-5435282F479D}.Release|x86.ActiveCfg = Release|Win32
		{BAD1AEB8-8CD5-4301-9798-5435282F479D}.Server Debug|Any CPU.ActiveCfg = ServerDebug|Win32
		{BAD1AEB8-8CD5-4301-9798-5435282F479D}.Server Debug|Any CPU.Build.0 = ServerDebug|Win32
		{BAD1AEB8-8CD5-4301-9798-5435282F479D}.Server Debug|Mixed Platforms.ActiveCfg = ServerDebug|Win32
		{BAD1AEB8-8CD5-4301-9798-5435282F479D}.Server Debug|Mixed Platforms.Build.0 = ServerDebug|Win32
		{BAD1AEB8-8CD5-4301-9798-5435282F479D}.Server Debug|Win32.ActiveCfg = ServerDebug|Win32
		{BAD1AEB8-8CD5-4301-9798-5435282F479D}.Server Debug|Win32.Build.0 = ServerDebug|Win32
		{BAD1AEB8-8CD5-4301-9798-5435282F479D}.Server Debug|x86.ActiveCfg = ServerRelease|Win32
		{BAD1AEB8-8CD5-4301-9798-5435282F479D}.Server Release|Any CPU.ActiveCfg = ServerRelease|Win32
		{BAD1AEB8-8CD5-4301-9798-5435282F479D}.Server Release|Any CPU.Build.0 = ServerRelease|Win32
		{BAD1AEB8-8CD5-4301-9798-5435282F479D}.Server Release|Mixed Platforms.ActiveCfg = ServerRelease|Win32
		{BAD1AEB8-8CD5-4301-9798-5435282F479D}.Server Release|Mixed Platforms.Build.0 = ServerRelease|Win32
		{BAD1AEB8-8CD5-4301-9798-5435282F479D}.Server Release|Win32.ActiveCfg = ServerRelease|Win32
		{BAD1AEB8-8CD5-4301-9798-5435282F479D}.Server Release|Win32.Build.0 = ServerRelease|Win32
		{BAD1AEB8-8CD5-4301-9798-5435282F479D}.Server Release|x86.ActiveCfg = Release|Win32
		{DFE22725-0FCC-4314-BFC5-8E3BB71A0C1A}.Debug|Any CPU.ActiveCfg = Debug|Win32
		{DFE22725-0FCC-4314-BFC5-8E3BB71A0C1A}.Debug|Mixed Platforms.ActiveCfg = Debug|Win32
		{DFE22725-0FCC-4314-BFC5-8E3BB71A0C1A}.Debug|Mixed Platforms.Build.0 = Debug|Win32
		{DFE22725-0FCC-4314-BFC5-8E3BB71A0C1A}.Debug|Win32.ActiveCfg = Debug|Win32
		{DFE22725-0FCC-4314-BFC5-8E3BB71A0C1A}.Debug|Win32.Build.0 = Debug|Win32
		{DFE22725-0FCC-4314-BFC5-8E3BB71A0C1A}.Debug|x86.ActiveCfg = Debug|Win32
		{DFE22725-0FCC-4314-BFC5-8E3BB71A0C1A}.MobileTest Debug|Any CPU.ActiveCfg = Debug|Win32
		{DFE22725-0FCC-4314-BFC5-8E3BB71A0C1A}.MobileTest Debug|Mixed Platforms.ActiveCfg = Debug|Win32
		{DFE22725-0FCC-4314-BFC5-8E3BB71A0C1A}.MobileTest Debug|Mixed Platforms.Build.0 = Debug|Win32
		{DFE22725-0FCC-4314-BFC5-8E3BB71A0C1A}.MobileTest Debug|Win32.ActiveCfg = Debug|Win32
		{DFE22725-0FCC-4314-BFC5-8E3BB71A0C1A}.MobileTest Debug|Win32.Build.0 = Debug|Win32
		{DFE22725-0FCC-4314-BFC5-8E3BB71A0C1A}.MobileTest Debug|x86.ActiveCfg = Debug|Win32
		{DFE22725-0FCC-4314-BFC5-8E3BB71A0C1A}.MobileTest Release|Any CPU.ActiveCfg = Release|Win32
		{DFE22725-0FCC-4314-BFC5-8E3BB71A0C1A}.MobileTest Release|Mixed Platforms.ActiveCfg = Release|Win32
		{DFE22725-0FCC-4314-BFC5-8E3BB71A0C1A}.MobileTest Release|Mixed Platforms.Build.0 = Release|Win32
		{DFE22725-0FCC-4314-BFC5-8E3BB71A0C1A}.MobileTest Release|Win32.ActiveCfg = Release|Win32
		{DFE22725-0FCC-4314-BFC5-8E3BB71A0C1A}.MobileTest Release|Win32.Build.0 = Release|Win32
		{DFE22725-0FCC-4314-BFC5-8E3BB71A0C1A}.MobileTest Release|x86.ActiveCfg = Release|Win32
		{DFE22725-0FCC-4314-BFC5-8E3BB71A0C1A}.Release|Any CPU.ActiveCfg = Release|Win32
		{DFE22725-0FCC-4314-BFC5-8E3BB71A0C1A}.Release|Mixed Platforms.ActiveCfg = Release|Win32
		{DFE22725-0FCC-4314-BFC5-8E3BB71A0C1A}.Release|Mixed Platforms.Build.0 = Release|Win32
		{DFE22725-0FCC-4314-BFC5-8E3BB71A0C1A}.Release|Win32.ActiveCfg = Release|Win32
		{DFE22725-0FCC-4314-BFC5-8E3BB71A0C1A}.Release|Win32.Build.0 = Release|Win32
		{DFE22725-0FCC-4314-BFC5-8E3BB71A0C1A}.Release|x86.ActiveCfg = Release|Win32
		{DFE22725-0FCC-4314-BFC5-8E3BB71A0C1A}.Server Debug|Any CPU.ActiveCfg = ServerDebug|Win32
		{DFE22725-0FCC-4314-BFC5-8E3BB71A0C1A}.Server Debug|Any CPU.Build.0 = ServerDebug|Win32
		{DFE22725-0FCC-4314-BFC5-8E3BB71A0C1A}.Server Debug|Mixed Platforms.ActiveCfg = ServerDebug|Win32
		{DFE22725-0FCC-4314-BFC5-8E3BB71A0C1A}.Server Debug|Mixed Platforms.Build.0 = ServerDebug|Win32
		{DFE22725-0FCC-4314-BFC5-8E3BB71A0C1A}.Server Debug|Win32.ActiveCfg = ServerDebug|Win32
		{DFE22725-0FCC-4314-BFC5-8E3BB71A0C1A}.Server Debug|Win32.Build.0 = ServerDebug|Win32
		{DFE22725-0FCC-4314-BFC5-8E3BB71A0C1A}.Server Debug|x86.ActiveCfg = ServerRelease|Win32
		{DFE22725-0FCC-4314-BFC5-8E3BB71A0C1A}.Server Release|Any CPU.ActiveCfg = ServerRelease|Win32
		{DFE22725-0FCC-4314-BFC5-8E3BB71A0C1A}.Server Release|Any CPU.Build.0 = ServerRelease|Win32
		{DFE22725-0FCC-4314-BFC5-8E3BB71A0C1A}.Server Release|Mixed Platforms.ActiveCfg = ServerRelease|Win32
		{DFE22725-0FCC-4314-BFC5-8E3BB71A0C1A}.Server Release|Mixed Platforms.Build.0 = ServerRelease|Win32
		{DFE22725-0FCC-4314-BFC5-8E3BB71A0C1A}.Server Release|Win32.ActiveCfg = ServerRelease|Win32
		{DFE22725-0FCC-4314-BFC5-8E3BB71A0C1A}.Server Release|Win32.Build.0 = ServerRelease|Win32
		{DFE22725-0FCC-4314-BFC5-8E3BB71A0C1A}.Server Release|x86.ActiveCfg = Release|Win32
		{6D441129-9EEA-43EC-B25E-4B47F4A4D90C}.Debug|Any CPU.ActiveCfg = Debug|Win32
		{6D441129-9EEA-43EC-B25E-4B47F4A4D90C}.Debug|Mixed Platforms.ActiveCfg = Debug|Win32
		{6D441129-9EEA-43EC-B25E-4B47F4A4D90C}.Debug|Mixed Platforms.Build.0 = Debug|Win32
		{6D441129-9EEA-43EC-B25E-4B47F4A4D90C}.Debug|Win32.ActiveCfg = Debug|Win32
		{6D441129-9EEA-43EC-B25E-4B47F4A4D90C}.Debug|Win32.Build.0 = Debug|Win32
		{6D441129-9EEA-43EC-B25E-4B47F4A4D90C}.Debug|x86.ActiveCfg = Debug|Win32
		{6D441129-9EEA-43EC-B25E-4B47F4A4D90C}.MobileTest Debug|Any CPU.ActiveCfg = Debug|Win32
		{6D441129-9EEA-43EC-B25E-4B47F4A4D90C}.MobileTest Debug|Mixed Platforms.ActiveCfg = Debug|Win32
		{6D441129-9EEA-43EC-B25E-4B47F4A4D90C}.MobileTest Debug|Mixed Platforms.Build.0 = Debug|Win32
		{6D441129-9EEA-43EC-B25E-4B47F4A4D90C}.MobileTest Debug|Win32.ActiveCfg = Debug|Win32
		{6D441129-9EEA-43EC-B25E-4B47F4A4D90C}.MobileTest Debug|Win32.Build.0 = Debug|Win32
		{6D441129-9EEA-43EC-B25E-4B47F4A4D90C}.MobileTest Debug|x86.ActiveCfg = Debug|Win32
		{6D441129-9EEA-43EC-B25E-4B47F4A4D90C}.MobileTest Release|Any CPU.ActiveCfg = Release|Win32
		{6D441129-9EEA-43EC-B25E-4B47F4A4D90C}.MobileTest Release|Mixed Platforms.ActiveCfg = Release|Win32
		{6D441129-9EEA-43EC-B25E-4B47F4A4D90C}.MobileTest Release|Mixed Platforms.Build.0 = Release|Win32
		{6D441129-9EEA-43EC-B25E-4B47F4A4D90C}.MobileTest Release|Win32.ActiveCfg = Release|Win32
		{6D441129-9EEA-43EC-B25E-4B47F4A4D90C}.MobileTest Release|Win32.Build.0 = Release|Win32
		{6D441129-9EEA-43EC-B25E-4B47F4A4D90C}.MobileTest Release|x86.ActiveCfg = Release|Win32
		{6D441129-9EEA-43EC-B25E-4B47F4A4D90C}.Release|Any CPU.ActiveCfg = Release|Win32
		{6D441129-9EEA-43EC-B25E-4B47F4A4D90C}.Release|Mixed Platforms.ActiveCfg = Release|Win32
		{6D441129-9EEA-43EC-B25E-4B47F4A4D90C}.Release|Mixed Platforms.Build.0 = Release|Win32
		{6D441129-9EEA-43EC-B25E-4B47F4A4D90C}.Release|Win32.ActiveCfg = Release|Win32
		{6D441129-9EEA-43EC-B25E-4B47F4A4D90C}.Release|Win32.Build.0 = Release|Win32
		{6D441129-9EEA-43EC-B25E-4B47F4A4D90C}.Release|x86.ActiveCfg = Release|Win32
		{6D441129-9EEA-43EC-B25E-4B47F4A4D90C}.Server Debug|Any CPU.ActiveCfg = ServerDebug|Win32
		{6D441129-9EEA-43EC-B25E-4B47F4A4D90C}.Server Debug|Any CPU.Build.0 = ServerDebug|Win32
		{6D441129-9EEA-43EC-B25E-4B47F4A4D90C}.Server Debug|Mixed Platforms.ActiveCfg = ServerDebug|Win32
		{6D441129-9EEA-43EC-B25E-4B47F4A4D90C}.Server Debug|Mixed Platforms.Build.0 = ServerDebug|Win32
		{6D441129-9EEA-43EC-B25E-4B47F4A4D90C}.Server Debug|Win32.ActiveCfg = Debug|Win32
		{6D441129-9EEA-43EC-B25E-4B47F4A4D90C}.Server Debug|Win32.Build.0 = Debug|Win32
		{6D441129-9EEA-43EC-B25E-4B47F4A4D90C}.Server Debug|x86.ActiveCfg = ServerRelease|Win32
		{6D441129-9EEA-43EC-B25E-4B47F4A4D90C}.Server Release|Any CPU.ActiveCfg = ServerRelease|Win32
		{6D441129-9EEA-43EC-B25E-4B47F4A4D90C}.Server Release|Any CPU.Build.0 = ServerRelease|Win32
		{6D441129-9EEA-43EC-B25E-4B47F4A4D90C}.Server Release|Mixed Platforms.ActiveCfg = ServerRelease|Win32
		{6D441129-9EEA-43EC-B25E-4B47F4A4D90C}.Server Release|Mixed Platforms.Build.0 = ServerRelease|Win32
		{6D441129-9EEA-43EC-B25E-4B47F4A4D90C}.Server Release|Win32.ActiveCfg = Release|Win32
		{6D441129-9EEA-43EC-B25E-4B47F4A4D90C}.Server Release|Win32.Build.0 = Release|Win32
		{6D441129-9EEA-43EC-B25E-4B47F4A4D90C}.Server Release|x86.ActiveCfg = Release|Win32
		{31BCD6DF-C209-479B-B103-82C06F31A772}.Debug|Any CPU.ActiveCfg = Debug|Any CPU
		{31BCD6DF-C209-479B-B103-82C06F31A772}.Debug|Any CPU.Build.0 = Debug|Any CPU
		{31BCD6DF-C209-479B-B103-82C06F31A772}.Debug|Mixed Platforms.ActiveCfg = Debug|Any CPU
		{31BCD6DF-C209-479B-B103-82C06F31A772}.Debug|Mixed Platforms.Build.0 = Debug|Any CPU
		{31BCD6DF-C209-479B-B103-82C06F31A772}.Debug|Win32.ActiveCfg = Debug|Any CPU
		{31BCD6DF-C209-479B-B103-82C06F31A772}.Debug|x86.ActiveCfg = Debug|Any CPU
		{31BCD6DF-C209-479B-B103-82C06F31A772}.MobileTest Debug|Any CPU.ActiveCfg = Debug|Any CPU
		{31BCD6DF-C209-479B-B103-82C06F31A772}.MobileTest Debug|Any CPU.Build.0 = Debug|Any CPU
		{31BCD6DF-C209-479B-B103-82C06F31A772}.MobileTest Debug|Mixed Platforms.ActiveCfg = Debug|Any CPU
		{31BCD6DF-C209-479B-B103-82C06F31A772}.MobileTest Debug|Mixed Platforms.Build.0 = Debug|Any CPU
		{31BCD6DF-C209-479B-B103-82C06F31A772}.MobileTest Debug|Win32.ActiveCfg = Debug|Any CPU
		{31BCD6DF-C209-479B-B103-82C06F31A772}.MobileTest Debug|x86.ActiveCfg = Debug|Any CPU
		{31BCD6DF-C209-479B-B103-82C06F31A772}.MobileTest Release|Any CPU.ActiveCfg = Release|Any CPU
		{31BCD6DF-C209-479B-B103-82C06F31A772}.MobileTest Release|Any CPU.Build.0 = Release|Any CPU
		{31BCD6DF-C209-479B-B103-82C06F31A772}.MobileTest Release|Mixed Platforms.ActiveCfg = Release|Any CPU
		{31BCD6DF-C209-479B-B103-82C06F31A772}.MobileTest Release|Mixed Platforms.Build.0 = Release|Any CPU
		{31BCD6DF-C209-479B-B103-82C06F31A772}.MobileTest Release|Win32.ActiveCfg = Release|Any CPU
		{31BCD6DF-C209-479B-B103-82C06F31A772}.MobileTest Release|x86.ActiveCfg = Release|Any CPU
		{31BCD6DF-C209-479B-B103-82C06F31A772}.Release|Any CPU.ActiveCfg = Release|Any CPU
		{31BCD6DF-C209-479B-B103-82C06F31A772}.Release|Any CPU.Build.0 = Release|Any CPU
		{31BCD6DF-C209-479B-B103-82C06F31A772}.Release|Mixed Platforms.ActiveCfg = Release|Any CPU
		{31BCD6DF-C209-479B-B103-82C06F31A772}.Release|Mixed Platforms.Build.0 = Release|Any CPU
		{31BCD6DF-C209-479B-B103-82C06F31A772}.Release|Win32.ActiveCfg = Release|Any CPU
		{31BCD6DF-C209-479B-B103-82C06F31A772}.Release|x86.ActiveCfg = Release|Any CPU
		{31BCD6DF-C209-479B-B103-82C06F31A772}.Server Debug|Any CPU.ActiveCfg = Debug|Any CPU
		{31BCD6DF-C209-479B-B103-82C06F31A772}.Server Debug|Any CPU.Build.0 = Debug|Any CPU
		{31BCD6DF-C209-479B-B103-82C06F31A772}.Server Debug|Mixed Platforms.ActiveCfg = Debug|Any CPU
		{31BCD6DF-C209-479B-B103-82C06F31A772}.Server Debug|Mixed Platforms.Build.0 = Debug|Any CPU
		{31BCD6DF-C209-479B-B103-82C06F31A772}.Server Debug|Win32.ActiveCfg = Debug|Any CPU
		{31BCD6DF-C209-479B-B103-82C06F31A772}.Server Debug|x86.ActiveCfg = Debug|Any CPU
		{31BCD6DF-C209-479B-B103-82C06F31A772}.Server Release|Any CPU.ActiveCfg = Release|Any CPU
		{31BCD6DF-C209-479B-B103-82C06F31A772}.Server Release|Any CPU.Build.0 = Release|Any CPU
		{31BCD6DF-C209-479B-B103-82C06F31A772}.Server Release|Mixed Platforms.ActiveCfg = Release|Any CPU
		{31BCD6DF-C209-479B-B103-82C06F31A772}.Server Release|Mixed Platforms.Build.0 = Release|Any CPU
		{31BCD6DF-C209-479B-B103-82C06F31A772}.Server Release|Win32.ActiveCfg = Release|Any CPU
		{31BCD6DF-C209-479B-B103-82C06F31A772}.Server Release|x86.ActiveCfg = Release|Any CPU
		{1B0709BE-3727-4100-8AC7-E27B904181A0}.Debug|Any CPU.ActiveCfg = Debug|Any CPU
		{1B0709BE-3727-4100-8AC7-E27B904181A0}.Debug|Any CPU.Build.0 = Debug|Any CPU
		{1B0709BE-3727-4100-8AC7-E27B904181A0}.Debug|Mixed Platforms.ActiveCfg = Debug|Any CPU
		{1B0709BE-3727-4100-8AC7-E27B904181A0}.Debug|Mixed Platforms.Build.0 = Debug|Any CPU
		{1B0709BE-3727-4100-8AC7-E27B904181A0}.Debug|Win32.ActiveCfg = Debug|Any CPU
		{1B0709BE-3727-4100-8AC7-E27B904181A0}.Debug|x86.ActiveCfg = Debug|Any CPU
		{1B0709BE-3727-4100-8AC7-E27B904181A0}.MobileTest Debug|Any CPU.ActiveCfg = Debug|Any CPU
		{1B0709BE-3727-4100-8AC7-E27B904181A0}.MobileTest Debug|Any CPU.Build.0 = Debug|Any CPU
		{1B0709BE-3727-4100-8AC7-E27B904181A0}.MobileTest Debug|Mixed Platforms.ActiveCfg = Debug|Any CPU
		{1B0709BE-3727-4100-8AC7-E27B904181A0}.MobileTest Debug|Mixed Platforms.Build.0 = Debug|Any CPU
		{1B0709BE-3727-4100-8AC7-E27B904181A0}.MobileTest Debug|Win32.ActiveCfg = Debug|Any CPU
		{1B0709BE-3727-4100-8AC7-E27B904181A0}.MobileTest Debug|x86.ActiveCfg = Debug|Any CPU
		{1B0709BE-3727-4100-8AC7-E27B904181A0}.MobileTest Release|Any CPU.ActiveCfg = Release|Any CPU
		{1B0709BE-3727-4100-8AC7-E27B904181A0}.MobileTest Release|Any CPU.Build.0 = Release|Any CPU
		{1B0709BE-3727-4100-8AC7-E27B904181A0}.MobileTest Release|Mixed Platforms.ActiveCfg = Release|Any CPU
		{1B0709BE-3727-4100-8AC7-E27B904181A0}.MobileTest Release|Mixed Platforms.Build.0 = Release|Any CPU
		{1B0709BE-3727-4100-8AC7-E27B904181A0}.MobileTest Release|Win32.ActiveCfg = Release|Any CPU
		{1B0709BE-3727-4100-8AC7-E27B904181A0}.MobileTest Release|x86.ActiveCfg = Release|Any CPU
		{1B0709BE-3727-4100-8AC7-E27B904181A0}.Release|Any CPU.ActiveCfg = Release|Any CPU
		{1B0709BE-3727-4100-8AC7-E27B904181A0}.Release|Any CPU.Build.0 = Release|Any CPU
		{1B0709BE-3727-4100-8AC7-E27B904181A0}.Release|Mixed Platforms.ActiveCfg = Release|Any CPU
		{1B0709BE-3727-4100-8AC7-E27B904181A0}.Release|Mixed Platforms.Build.0 = Release|Any CPU
		{1B0709BE-3727-4100-8AC7-E27B904181A0}.Release|Win32.ActiveCfg = Release|Any CPU
		{1B0709BE-3727-4100-8AC7-E27B904181A0}.Release|x86.ActiveCfg = Release|Any CPU
		{1B0709BE-3727-4100-8AC7-E27B904181A0}.Server Debug|Any CPU.ActiveCfg = Debug|Any CPU
		{1B0709BE-3727-4100-8AC7-E27B904181A0}.Server Debug|Any CPU.Build.0 = Debug|Any CPU
		{1B0709BE-3727-4100-8AC7-E27B904181A0}.Server Debug|Mixed Platforms.ActiveCfg = Debug|Any CPU
		{1B0709BE-3727-4100-8AC7-E27B904181A0}.Server Debug|Mixed Platforms.Build.0 = Debug|Any CPU
		{1B0709BE-3727-4100-8AC7-E27B904181A0}.Server Debug|Win32.ActiveCfg = Debug|Any CPU
		{1B0709BE-3727-4100-8AC7-E27B904181A0}.Server Debug|x86.ActiveCfg = Debug|Any CPU
		{1B0709BE-3727-4100-8AC7-E27B904181A0}.Server Release|Any CPU.ActiveCfg = Release|Any CPU
		{1B0709BE-3727-4100-8AC7-E27B904181A0}.Server Release|Any CPU.Build.0 = Release|Any CPU
		{1B0709BE-3727-4100-8AC7-E27B904181A0}.Server Release|Mixed Platforms.ActiveCfg = Release|Any CPU
		{1B0709BE-3727-4100-8AC7-E27B904181A0}.Server Release|Mixed Platforms.Build.0 = Release|Any CPU
		{1B0709BE-3727-4100-8AC7-E27B904181A0}.Server Release|Win32.ActiveCfg = Release|Any CPU
		{1B0709BE-3727-4100-8AC7-E27B904181A0}.Server Release|x86.ActiveCfg = Release|Any CPU
		{1CD2685F-12E4-4B20-9971-5A3D78E9085B}.Debug|Any CPU.ActiveCfg = Debug|Any CPU
		{1CD2685F-12E4-4B20-9971-5A3D78E9085B}.Debug|Any CPU.Build.0 = Debug|Any CPU
		{1CD2685F-12E4-4B20-9971-5A3D78E9085B}.Debug|Mixed Platforms.ActiveCfg = Debug|Any CPU
		{1CD2685F-12E4-4B20-9971-5A3D78E9085B}.Debug|Mixed Platforms.Build.0 = Debug|Any CPU
		{1CD2685F-12E4-4B20-9971-5A3D78E9085B}.Debug|Win32.ActiveCfg = Debug|Any CPU
		{1CD2685F-12E4-4B20-9971-5A3D78E9085B}.Debug|x86.ActiveCfg = Debug|Any CPU
		{1CD2685F-12E4-4B20-9971-5A3D78E9085B}.MobileTest Debug|Any CPU.ActiveCfg = Debug|Any CPU
		{1CD2685F-12E4-4B20-9971-5A3D78E9085B}.MobileTest Debug|Any CPU.Build.0 = Debug|Any CPU
		{1CD2685F-12E4-4B20-9971-5A3D78E9085B}.MobileTest Debug|Mixed Platforms.ActiveCfg = Debug|Any CPU
		{1CD2685F-12E4-4B20-9971-5A3D78E9085B}.MobileTest Debug|Mixed Platforms.Build.0 = Debug|Any CPU
		{1CD2685F-12E4-4B20-9971-5A3D78E9085B}.MobileTest Debug|Win32.ActiveCfg = Debug|Any CPU
		{1CD2685F-12E4-4B20-9971-5A3D78E9085B}.MobileTest Debug|x86.ActiveCfg = Debug|Any CPU
		{1CD2685F-12E4-4B20-9971-5A3D78E9085B}.MobileTest Release|Any CPU.ActiveCfg = Release|Any CPU
		{1CD2685F-12E4-4B20-9971-5A3D78E9085B}.MobileTest Release|Any CPU.Build.0 = Release|Any CPU
		{1CD2685F-12E4-4B20-9971-5A3D78E9085B}.MobileTest Release|Mixed Platforms.ActiveCfg = Release|Any CPU
		{1CD2685F-12E4-4B20-9971-5A3D78E9085B}.MobileTest Release|Mixed Platforms.Build.0 = Release|Any CPU
		{1CD2685F-12E4-4B20-9971-5A3D78E9085B}.MobileTest Release|Win32.ActiveCfg = Release|Any CPU
		{1CD2685F-12E4-4B20-9971-5A3D78E9085B}.MobileTest Release|x86.ActiveCfg = Release|Any CPU
		{1CD2685F-12E4-4B20-9971-5A3D78E9085B}.Release|Any CPU.ActiveCfg = Release|Any CPU
		{1CD2685F-12E4-4B20-9971-5A3D78E9085B}.Release|Any CPU.Build.0 = Release|Any CPU
		{1CD2685F-12E4-4B20-9971-5A3D78E9085B}.Release|Mixed Platforms.ActiveCfg = Release|Any CPU
		{1CD2685F-12E4-4B20-9971-5A3D78E9085B}.Release|Mixed Platforms.Build.0 = Release|Any CPU
		{1CD2685F-12E4-4B20-9971-5A3D78E9085B}.Release|Win32.ActiveCfg = Release|Any CPU
		{1CD2685F-12E4-4B20-9971-5A3D78E9085B}.Release|x86.ActiveCfg = Release|Any CPU
		{1CD2685F-12E4-4B20-9971-5A3D78E9085B}.Server Debug|Any CPU.ActiveCfg = Debug|Any CPU
		{1CD2685F-12E4-4B20-9971-5A3D78E9085B}.Server Debug|Any CPU.Build.0 = Debug|Any CPU
		{1CD2685F-12E4-4B20-9971-5A3D78E9085B}.Server Debug|Mixed Platforms.ActiveCfg = Debug|Any CPU
		{1CD2685F-12E4-4B20-9971-5A3D78E9085B}.Server Debug|Mixed Platforms.Build.0 = Debug|Any CPU
		{1CD2685F-12E4-4B20-9971-5A3D78E9085B}.Server Debug|Win32.ActiveCfg = Debug|Any CPU
		{1CD2685F-12E4-4B20-9971-5A3D78E9085B}.Server Debug|x86.ActiveCfg = Debug|Any CPU
		{1CD2685F-12E4-4B20-9971-5A3D78E9085B}.Server Release|Any CPU.ActiveCfg = Release|Any CPU
		{1CD2685F-12E4-4B20-9971-5A3D78E9085B}.Server Release|Any CPU.Build.0 = Release|Any CPU
		{1CD2685F-12E4-4B20-9971-5A3D78E9085B}.Server Release|Mixed Platforms.ActiveCfg = Release|Any CPU
		{1CD2685F-12E4-4B20-9971-5A3D78E9085B}.Server Release|Mixed Platforms.Build.0 = Release|Any CPU
		{1CD2685F-12E4-4B20-9971-5A3D78E9085B}.Server Release|Win32.ActiveCfg = Release|Any CPU
		{1CD2685F-12E4-4B20-9971-5A3D78E9085B}.Server Release|x86.ActiveCfg = Release|Any CPU
		{0E1EA763-8C8A-45FE-A82F-5490D3481A45}.Debug|Any CPU.ActiveCfg = Debug|Any CPU
		{0E1EA763-8C8A-45FE-A82F-5490D3481A45}.Debug|Any CPU.Build.0 = Debug|Any CPU
		{0E1EA763-8C8A-45FE-A82F-5490D3481A45}.Debug|Mixed Platforms.ActiveCfg = Debug|Any CPU
		{0E1EA763-8C8A-45FE-A82F-5490D3481A45}.Debug|Mixed Platforms.Build.0 = Debug|Any CPU
		{0E1EA763-8C8A-45FE-A82F-5490D3481A45}.Debug|Win32.ActiveCfg = Debug|Any CPU
		{0E1EA763-8C8A-45FE-A82F-5490D3481A45}.Debug|x86.ActiveCfg = Debug|Any CPU
		{0E1EA763-8C8A-45FE-A82F-5490D3481A45}.MobileTest Debug|Any CPU.ActiveCfg = MobileTest Debug|Any CPU
		{0E1EA763-8C8A-45FE-A82F-5490D3481A45}.MobileTest Debug|Any CPU.Build.0 = MobileTest Debug|Any CPU
		{0E1EA763-8C8A-45FE-A82F-5490D3481A45}.MobileTest Debug|Mixed Platforms.ActiveCfg = MobileTest Debug|Any CPU
		{0E1EA763-8C8A-45FE-A82F-5490D3481A45}.MobileTest Debug|Mixed Platforms.Build.0 = MobileTest Debug|Any CPU
		{0E1EA763-8C8A-45FE-A82F-5490D3481A45}.MobileTest Debug|Win32.ActiveCfg = MobileTest Debug|Any CPU
		{0E1EA763-8C8A-45FE-A82F-5490D3481A45}.MobileTest Debug|x86.ActiveCfg = MobileTest Debug|Any CPU
		{0E1EA763-8C8A-45FE-A82F-5490D3481A45}.MobileTest Release|Any CPU.ActiveCfg = MobileTest Release|Any CPU
		{0E1EA763-8C8A-45FE-A82F-5490D3481A45}.MobileTest Release|Any CPU.Build.0 = MobileTest Release|Any CPU
		{0E1EA763-8C8A-45FE-A82F-5490D3481A45}.MobileTest Release|Mixed Platforms.ActiveCfg = MobileTest Release|Any CPU
		{0E1EA763-8C8A-45FE-A82F-5490D3481A45}.MobileTest Release|Mixed Platforms.Build.0 = MobileTest Release|Any CPU
		{0E1EA763-8C8A-45FE-A82F-5490D3481A45}.MobileTest Release|Win32.ActiveCfg = MobileTest Release|Any CPU
		{0E1EA763-8C8A-45FE-A82F-5490D3481A45}.MobileTest Release|x86.ActiveCfg = MobileTest Release|Any CPU
		{0E1EA763-8C8A-45FE-A82F-5490D3481A45}.Release|Any CPU.ActiveCfg = Release|Any CPU
		{0E1EA763-8C8A-45FE-A82F-5490D3481A45}.Release|Any CPU.Build.0 = Release|Any CPU
		{0E1EA763-8C8A-45FE-A82F-5490D3481A45}.Release|Mixed Platforms.ActiveCfg = Release|Any CPU
		{0E1EA763-8C8A-45FE-A82F-5490D3481A45}.Release|Mixed Platforms.Build.0 = Release|Any CPU
		{0E1EA763-8C8A-45FE-A82F-5490D3481A45}.Release|Win32.ActiveCfg = Release|Any CPU
		{0E1EA763-8C8A-45FE-A82F-5490D3481A45}.Release|x86.ActiveCfg = Release|Any CPU
		{0E1EA763-8C8A-45FE-A82F-5490D3481A45}.Server Debug|Any CPU.ActiveCfg = Debug|Any CPU
		{0E1EA763-8C8A-45FE-A82F-5490D3481A45}.Server Debug|Any CPU.Build.0 = Debug|Any CPU
		{0E1EA763-8C8A-45FE-A82F-5490D3481A45}.Server Debug|Mixed Platforms.ActiveCfg = Debug|Any CPU
		{0E1EA763-8C8A-45FE-A82F-5490D3481A45}.Server Debug|Mixed Platforms.Build.0 = Debug|Any CPU
		{0E1EA763-8C8A-45FE-A82F-5490D3481A45}.Server Debug|Win32.ActiveCfg = Debug|Any CPU
		{0E1EA763-8C8A-45FE-A82F-5490D3481A45}.Server Debug|x86.ActiveCfg = Debug|Any CPU
		{0E1EA763-8C8A-45FE-A82F-5490D3481A45}.Server Release|Any CPU.ActiveCfg = Release|Any CPU
		{0E1EA763-8C8A-45FE-A82F-5490D3481A45}.Server Release|Any CPU.Build.0 = Release|Any CPU
		{0E1EA763-8C8A-45FE-A82F-5490D3481A45}.Server Release|Mixed Platforms.ActiveCfg = Release|Any CPU
		{0E1EA763-8C8A-45FE-A82F-5490D3481A45}.Server Release|Mixed Platforms.Build.0 = Release|Any CPU
		{0E1EA763-8C8A-45FE-A82F-5490D3481A45}.Server Release|Win32.ActiveCfg = Release|Any CPU
		{0E1EA763-8C8A-45FE-A82F-5490D3481A45}.Server Release|x86.ActiveCfg = Release|Any CPU
	EndGlobalSection
	GlobalSection(SolutionProperties) = preSolution
		HideSolutionNode = FALSE
	EndGlobalSection
EndGlobal
