<?xml version="1.0" encoding="utf-8"?>
<Project ToolsVersion="4.0" xmlns="http://schemas.microsoft.com/developer/msbuild/2003">
  <ItemGroup>
    <ClCompile Include="area.cpp">
      <Filter>Source Files</Filter>
    </ClCompile>
    <ClCompile Include="stdafx.cpp">
      <Filter>Source Files</Filter>
    </ClCompile>
    <ClCompile Include="clipper.cpp">
      <Filter>Source Files</Filter>
    </ClCompile>
    <ClCompile Include="IGFaceDescriptor.cpp">
      <Filter>Source Files</Filter>
    </ClCompile>
    <ClCompile Include="IGFaceEffect.cpp">
      <Filter>Source Files</Filter>
    </ClCompile>
    <ClCompile Include="IGLPE.cpp">
      <Filter>Source Files</Filter>
    </ClCompile>
    <ClCompile Include="IGSmartLayer.cpp">
      <Filter>Source Files</Filter>
    </ClCompile>
    <ClCompile Include="IGSmartPixel.cpp">
      <Filter>Source Files</Filter>
    </ClCompile>
    <ClCompile Include="IGRandomGenerator.cpp">
      <Filter>Source Files</Filter>
    </ClCompile>
  </ItemGroup>
  <ItemGroup>
    <ClInclude Include="area.h">
      <Filter>Header Files</Filter>
    </ClInclude>
    <ClInclude Include="clipper.hpp">
      <Filter>Header Files</Filter>
    </ClInclude>
    <ClInclude Include="IGFaceDescriptor.h">
      <Filter>Header Files</Filter>
    </ClInclude>
    <ClInclude Include="IGFaceEffect.h">
      <Filter>Header Files</Filter>
    </ClInclude>
    <ClInclude Include="IGLPE.h">
      <Filter>Header Files</Filter>
    </ClInclude>
    <ClInclude Include="IGSmartLayer.h">
      <Filter>Header Files</Filter>
    </ClInclude>
    <ClInclude Include="IGSmartPixel.h">
      <Filter>Header Files</Filter>
    </ClInclude>
    <ClInclude Include="stdafx.h">
      <Filter>Header Files</Filter>
    </ClInclude>
    <ClInclude Include="IGRandomGenerator.h">
      <Filter>Header Files</Filter>
    </ClInclude>
  </ItemGroup>
  <ItemGroup>
    <Filter Include="Header Files">
      <UniqueIdentifier>{951504d1-2e10-4347-85b1-9b46886a7461}</UniqueIdentifier>
    </Filter>
    <Filter Include="Source Files">
      <UniqueIdentifier>{e56cd947-a029-4fdd-af30-ea7c1fc8eacf}</UniqueIdentifier>
    </Filter>
  </ItemGroup>
</Project>