<?xml version="1.0" encoding="utf-8"?>
<Project ToolsVersion="4.0" xmlns="http://schemas.microsoft.com/developer/msbuild/2003">
  <ItemGroup>
    <ClCompile Include="dllmain.cpp">
      <Filter>Source Files</Filter>
    </ClCompile>
    <ClCompile Include="stdafx.cpp">
      <Filter>Source Files</Filter>
    </ClCompile>
    <ClCompile Include="IGBrush.cpp">
      <Filter>Source Files</Filter>
    </ClCompile>
    <ClCompile Include="IGConfigManager.cpp">
      <Filter>Source Files</Filter>
    </ClCompile>
    <ClCompile Include="IGConvertible.cpp">
      <Filter>Source Files</Filter>
    </ClCompile>
    <ClCompile Include="IGFrame.cpp">
      <Filter>Source Files</Filter>
    </ClCompile>
    <ClCompile Include="IGFrameAction.cpp">
      <Filter>Source Files</Filter>
    </ClCompile>
    <ClCompile Include="IGFrameHistory.cpp">
      <Filter>Source Files</Filter>
    </ClCompile>
    <ClCompile Include="IGFrameManager.cpp">
      <Filter>Source Files</Filter>
    </ClCompile>
    <ClCompile Include="IGFrameProperties.cpp">
      <Filter>Source Files</Filter>
    </ClCompile>
    <ClCompile Include="IGImageProcessing.cpp">
      <Filter>Source Files</Filter>
    </ClCompile>
    <ClCompile Include="IGImageProcMessage.cpp">
      <Filter>Source Files</Filter>
    </ClCompile>
    <ClCompile Include="IGInternalMessage.cpp">
      <Filter>Source Files</Filter>
    </ClCompile>
    <ClCompile Include="IGInternalProcessing.cpp">
      <Filter>Source Files</Filter>
    </ClCompile>
    <ClCompile Include="IGIPFilter.cpp">
      <Filter>Source Files</Filter>
    </ClCompile>
    <ClCompile Include="IGIPMergeLayers.cpp">
      <Filter>Source Files</Filter>
    </ClCompile>
    <ClCompile Include="IGLayer.cpp">
      <Filter>Source Files</Filter>
    </ClCompile>
    <ClCompile Include="IGLayout.cpp">
      <Filter>Source Files</Filter>
    </ClCompile>
    <ClCompile Include="IGLibPicture.cpp">
      <Filter>Source Files</Filter>
    </ClCompile>
    <ClCompile Include="IGLog.cpp">
      <Filter>Source Files</Filter>
    </ClCompile>
    <ClCompile Include="IGPacker.cpp">
      <Filter>Source Files</Filter>
    </ClCompile>
    <ClCompile Include="IGPing.cpp">
      <Filter>Source Files</Filter>
    </ClCompile>
    <ClCompile Include="IGProperties.cpp">
      <Filter>Source Files</Filter>
    </ClCompile>
    <ClCompile Include="IGProperty.cpp">
      <Filter>Source Files</Filter>
    </ClCompile>
    <ClCompile Include="IGRefCount.cpp">
      <Filter>Source Files</Filter>
    </ClCompile>
    <ClCompile Include="IGSmartPtr.cpp">
      <Filter>Source Files</Filter>
    </ClCompile>
    <ClCompile Include="IGTexture.cpp">
      <Filter>Source Files</Filter>
    </ClCompile>
    <ClCompile Include="IGThread.cpp">
      <Filter>Source Files</Filter>
    </ClCompile>
  </ItemGroup>
  <ItemGroup>
    <ClInclude Include="IGBinaryTree.h">
      <Filter>Header Files</Filter>
    </ClInclude>
    <ClInclude Include="IGBrush.h">
      <Filter>Header Files</Filter>
    </ClInclude>
    <ClInclude Include="IGConfigManager.h">
      <Filter>Header Files</Filter>
    </ClInclude>
    <ClInclude Include="IGConvertible.h">
      <Filter>Header Files</Filter>
    </ClInclude>
    <ClInclude Include="IGException.h">
      <Filter>Header Files</Filter>
    </ClInclude>
    <ClInclude Include="IGFrame.h">
      <Filter>Header Files</Filter>
    </ClInclude>
    <ClInclude Include="IGFrameAction.h">
      <Filter>Header Files</Filter>
    </ClInclude>
    <ClInclude Include="IGFrameHistory.h">
      <Filter>Header Files</Filter>
    </ClInclude>
    <ClInclude Include="IGFrameManager.h">
      <Filter>Header Files</Filter>
    </ClInclude>
    <ClInclude Include="IGFrameProperties.h">
      <Filter>Header Files</Filter>
    </ClInclude>
    <ClInclude Include="IGImageProcessing.h">
      <Filter>Header Files</Filter>
    </ClInclude>
    <ClInclude Include="IGImageProcMessage.h">
      <Filter>Header Files</Filter>
    </ClInclude>
    <ClInclude Include="IGImageProcMessages.h">
      <Filter>Header Files</Filter>
    </ClInclude>
    <ClInclude Include="IGInternalMessage.h">
      <Filter>Header Files</Filter>
    </ClInclude>
    <ClInclude Include="IGInternalProcessing.h">
      <Filter>Header Files</Filter>
    </ClInclude>
    <ClInclude Include="IGIPFilter.h">
      <Filter>Header Files</Filter>
    </ClInclude>
    <ClInclude Include="IGIPMergeLayers.h">
      <Filter>Header Files</Filter>
    </ClInclude>
    <ClInclude Include="IGLayer.h">
      <Filter>Header Files</Filter>
    </ClInclude>
    <ClInclude Include="IGLayout.h">
      <Filter>Header Files</Filter>
    </ClInclude>
    <ClInclude Include="IGLibPicture.h">
      <Filter>Header Files</Filter>
    </ClInclude>
    <ClInclude Include="IGLibrary.h">
      <Filter>Header Files</Filter>
    </ClInclude>
    <ClInclude Include="IGLog.h">
      <Filter>Header Files</Filter>
    </ClInclude>
    <ClInclude Include="IGObserver.h">
      <Filter>Header Files</Filter>
    </ClInclude>
    <ClInclude Include="IGPacker.h">
      <Filter>Header Files</Filter>
    </ClInclude>
    <ClInclude Include="IGPing.h">
      <Filter>Header Files</Filter>
    </ClInclude>
    <ClInclude Include="IGProperties.h">
      <Filter>Header Files</Filter>
    </ClInclude>
    <ClInclude Include="IGProperty.h">
      <Filter>Header Files</Filter>
    </ClInclude>
    <ClInclude Include="IGPropertyDefs.h">
      <Filter>Header Files</Filter>
    </ClInclude>
    <ClInclude Include="IGRefCount.h">
      <Filter>Header Files</Filter>
    </ClInclude>
    <ClInclude Include="IGSingleton.h">
      <Filter>Header Files</Filter>
    </ClInclude>
    <ClInclude Include="IGSmartPtr.h">
      <Filter>Header Files</Filter>
    </ClInclude>
    <ClInclude Include="IGTexture.h">
      <Filter>Header Files</Filter>
    </ClInclude>
    <ClInclude Include="IGThread.h">
      <Filter>Header Files</Filter>
    </ClInclude>
    <ClInclude Include="IGThreadSafeData.h">
      <Filter>Header Files</Filter>
    </ClInclude>
    <ClInclude Include="IGUserMessages.h">
      <Filter>Header Files</Filter>
    </ClInclude>
    <ClInclude Include="IGView.h">
      <Filter>Header Files</Filter>
    </ClInclude>
    <ClInclude Include="resource.h">
      <Filter>Header Files</Filter>
    </ClInclude>
    <ClInclude Include="stdafx.h">
      <Filter>Header Files</Filter>
    </ClInclude>
    <ClInclude Include="targetver.h">
      <Filter>Header Files</Filter>
    </ClInclude>
  </ItemGroup>
  <ItemGroup>
    <Filter Include="Header Files">
      <UniqueIdentifier>{bad0d110-9e9b-4d26-a94e-2063ae93833a}</UniqueIdentifier>
    </Filter>
    <Filter Include="Source Files">
      <UniqueIdentifier>{f6a3bc2a-d496-4a59-ab31-beed7216735a}</UniqueIdentifier>
    </Filter>
  </ItemGroup>
</Project>